// !$*UTF8*$!
{
	archiveVersion = 1;
	classes = {
	};
	objectVersion = 51;
	objects = {

/* Begin PBXBuildFile section */
		203E6506218C65CD0021F2F2 /* thumbnail.png in Resources */ = {isa = PBXBuildFile; fileRef = 203E6504218C65CD0021F2F2 /* thumbnail.png */; };
		203E6507218C65CD0021F2F2 /* thumbnail@2x.png in Resources */ = {isa = PBXBuildFile; fileRef = 203E6505218C65CD0021F2F2 /* thumbnail@2x.png */; };
		20CAF50621891FCE0086AED8 /* BrooklynView.swift in Sources */ = {isa = PBXBuildFile; fileRef = 20CAF50521891FCE0086AED8 /* BrooklynView.swift */; };
		53689937221C66BD0071D26F /* Extension.swift in Sources */ = {isa = PBXBuildFile; fileRef = 53689935221C66BD0071D26F /* Extension.swift */; };
		53689939221C66BD0071D26F /* Video.swift in Sources */ = {isa = PBXBuildFile; fileRef = 53689936221C66BD0071D26F /* Video.swift */; };
		5368993D221C66C10071D26F /* NSTableView+Dequeue.swift in Sources */ = {isa = PBXBuildFile; fileRef = 5368993C221C66C10071D26F /* NSTableView+Dequeue.swift */; };
		53689946221C66F60071D26F /* PreferencesTabController.swift in Sources */ = {isa = PBXBuildFile; fileRef = 53689944221C66F50071D26F /* PreferencesTabController.swift */; };
		53689948221C66F60071D26F /* PreferencesWindowController.swift in Sources */ = {isa = PBXBuildFile; fileRef = 53689945221C66F60071D26F /* PreferencesWindowController.swift */; };
		5368994B221C68520071D26F /* AVPlayerLooper+Factory.swift in Sources */ = {isa = PBXBuildFile; fileRef = 5368994A221C68520071D26F /* AVPlayerLooper+Factory.swift */; };
		5368994E221C68790071D26F /* AVPlayerItem+Init.swift in Sources */ = {isa = PBXBuildFile; fileRef = 5368994D221C68790071D26F /* AVPlayerItem+Init.swift */; };
		53689953221C6A4E0071D26F /* AnimationsViewController.xib in Resources */ = {isa = PBXBuildFile; fileRef = 53689952221C6A4E0071D26F /* AnimationsViewController.xib */; };
		53689956221C6AC50071D26F /* AnimationsViewController.swift in Sources */ = {isa = PBXBuildFile; fileRef = 53689955221C6AC50071D26F /* AnimationsViewController.swift */; };
		53689959221C6DA60071D26F /* AnimationCellView.swift in Sources */ = {isa = PBXBuildFile; fileRef = 53689958221C6DA60071D26F /* AnimationCellView.swift */; };
		53E840DA221D9A8F005FA65E /* Assets.xcassets in Resources */ = {isa = PBXBuildFile; fileRef = 53E840D9221D9A8F005FA65E /* Assets.xcassets */; };
		53E840E5221D9AAB005FA65E /* AppDelegate.swift in Sources */ = {isa = PBXBuildFile; fileRef = 53E840E3221D9AAB005FA65E /* AppDelegate.swift */; };
		53E840E6221D9AAB005FA65E /* MainMenu.xib in Resources */ = {isa = PBXBuildFile; fileRef = 53E840E4221D9AAB005FA65E /* MainMenu.xib */; };
		53E840E7221D9B37005FA65E /* PreferencesWindowController.swift in Sources */ = {isa = PBXBuildFile; fileRef = 53689945221C66F60071D26F /* PreferencesWindowController.swift */; };
		53E840E8221D9B3A005FA65E /* PreferencesTabController.swift in Sources */ = {isa = PBXBuildFile; fileRef = 53689944221C66F50071D26F /* PreferencesTabController.swift */; };
		53E840E9221D9B46005FA65E /* AnimationsViewController.xib in Resources */ = {isa = PBXBuildFile; fileRef = 53689952221C6A4E0071D26F /* AnimationsViewController.xib */; };
		53E840EA221D9B48005FA65E /* AnimationCellView.swift in Sources */ = {isa = PBXBuildFile; fileRef = 53689958221C6DA60071D26F /* AnimationCellView.swift */; };
		53E840EB221D9B4C005FA65E /* AnimationsViewController.swift in Sources */ = {isa = PBXBuildFile; fileRef = 53689955221C6AC50071D26F /* AnimationsViewController.swift */; };
		53E840EC221D9B51005FA65E /* Extension.swift in Sources */ = {isa = PBXBuildFile; fileRef = 53689935221C66BD0071D26F /* Extension.swift */; };
		53E840ED221D9B53005FA65E /* Video.swift in Sources */ = {isa = PBXBuildFile; fileRef = 53689936221C66BD0071D26F /* Video.swift */; };
		53E840EE221D9B57005FA65E /* NSTableView+Dequeue.swift in Sources */ = {isa = PBXBuildFile; fileRef = 5368993C221C66C10071D26F /* NSTableView+Dequeue.swift */; };
		53E840EF221D9B5A005FA65E /* AVPlayerLooper+Factory.swift in Sources */ = {isa = PBXBuildFile; fileRef = 5368994A221C68520071D26F /* AVPlayerLooper+Factory.swift */; };
		53E840F0221D9B5D005FA65E /* AVPlayerItem+Init.swift in Sources */ = {isa = PBXBuildFile; fileRef = 5368994D221C68790071D26F /* AVPlayerItem+Init.swift */; };
		53E840F6221D9BA5005FA65E /* cubicMess.mp4 in Resources */ = {isa = PBXBuildFile; fileRef = 53E840F2221D9BA3005FA65E /* cubicMess.mp4 */; };
		53E840F7221D9BA5005FA65E /* cubicMess.mp4 in Resources */ = {isa = PBXBuildFile; fileRef = 53E840F2221D9BA3005FA65E /* cubicMess.mp4 */; };
		53E840F8221D9BA5005FA65E /* runningInGrass.mp4 in Resources */ = {isa = PBXBuildFile; fileRef = 53E840F3221D9BA4005FA65E /* runningInGrass.mp4 */; };
		53E840F9221D9BA5005FA65E /* runningInGrass.mp4 in Resources */ = {isa = PBXBuildFile; fileRef = 53E840F3221D9BA4005FA65E /* runningInGrass.mp4 */; };
		53E840FA221D9BA5005FA65E /* unstablePipes.mp4 in Resources */ = {isa = PBXBuildFile; fileRef = 53E840F4221D9BA5005FA65E /* unstablePipes.mp4 */; };
		53E840FB221D9BA5005FA65E /* unstablePipes.mp4 in Resources */ = {isa = PBXBuildFile; fileRef = 53E840F4221D9BA5005FA65E /* unstablePipes.mp4 */; };
		53E840FC221D9BA5005FA65E /* neon.mp4 in Resources */ = {isa = PBXBuildFile; fileRef = 53E840F5221D9BA5005FA65E /* neon.mp4 */; };
		53E840FD221D9BA5005FA65E /* neon.mp4 in Resources */ = {isa = PBXBuildFile; fileRef = 53E840F5221D9BA5005FA65E /* neon.mp4 */; };
		53E840FF221DA1D1005FA65E /* all.mp4 in Resources */ = {isa = PBXBuildFile; fileRef = 53E840FE221DA1D1005FA65E /* all.mp4 */; };
		53E84100221DA1D1005FA65E /* all.mp4 in Resources */ = {isa = PBXBuildFile; fileRef = 53E840FE221DA1D1005FA65E /* all.mp4 */; };
		53E84109221DA549005FA65E /* NSObject+Identifier.swift in Sources */ = {isa = PBXBuildFile; fileRef = 53E84108221DA549005FA65E /* NSObject+Identifier.swift */; };
		53E8410A221DA549005FA65E /* NSObject+Identifier.swift in Sources */ = {isa = PBXBuildFile; fileRef = 53E84108221DA549005FA65E /* NSObject+Identifier.swift */; };
/* End PBXBuildFile section */

/* Begin PBXFileReference section */
		203E6504218C65CD0021F2F2 /* thumbnail.png */ = {isa = PBXFileReference; lastKnownFileType = image.png; path = thumbnail.png; sourceTree = "<group>"; };
		203E6505218C65CD0021F2F2 /* thumbnail@2x.png */ = {isa = PBXFileReference; lastKnownFileType = image.png; path = "thumbnail@2x.png"; sourceTree = "<group>"; };
		20CAF50521891FCE0086AED8 /* BrooklynView.swift */ = {isa = PBXFileReference; fileEncoding = 4; lastKnownFileType = sourcecode.swift; path = BrooklynView.swift; sourceTree = "<group>"; };
		218D6EDE20FC3CEB0029D4A9 /* Info.plist */ = {isa = PBXFileReference; fileEncoding = 4; lastKnownFileType = text.plist.xml; path = Info.plist; sourceTree = "<group>"; };
		21F222261B73B5AC00B9A11A /* Brooklyn.saver */ = {isa = PBXFileReference; explicitFileType = wrapper.cfbundle; includeInIndex = 0; path = Brooklyn.saver; sourceTree = BUILT_PRODUCTS_DIR; };
		53689935221C66BD0071D26F /* Extension.swift */ = {isa = PBXFileReference; fileEncoding = 4; lastKnownFileType = sourcecode.swift; path = Extension.swift; sourceTree = "<group>"; };
		53689936221C66BD0071D26F /* Video.swift */ = {isa = PBXFileReference; fileEncoding = 4; lastKnownFileType = sourcecode.swift; path = Video.swift; sourceTree = "<group>"; };
		5368993C221C66C10071D26F /* NSTableView+Dequeue.swift */ = {isa = PBXFileReference; fileEncoding = 4; lastKnownFileType = sourcecode.swift; path = "NSTableView+Dequeue.swift"; sourceTree = "<group>"; };
		53689944221C66F50071D26F /* PreferencesTabController.swift */ = {isa = PBXFileReference; fileEncoding = 4; lastKnownFileType = sourcecode.swift; path = PreferencesTabController.swift; sourceTree = "<group>"; };
		53689945221C66F60071D26F /* PreferencesWindowController.swift */ = {isa = PBXFileReference; fileEncoding = 4; lastKnownFileType = sourcecode.swift; path = PreferencesWindowController.swift; sourceTree = "<group>"; };
		5368994A221C68520071D26F /* AVPlayerLooper+Factory.swift */ = {isa = PBXFileReference; lastKnownFileType = sourcecode.swift; path = "AVPlayerLooper+Factory.swift"; sourceTree = "<group>"; };
		5368994D221C68790071D26F /* AVPlayerItem+Init.swift */ = {isa = PBXFileReference; lastKnownFileType = sourcecode.swift; path = "AVPlayerItem+Init.swift"; sourceTree = "<group>"; };
		53689952221C6A4E0071D26F /* AnimationsViewController.xib */ = {isa = PBXFileReference; lastKnownFileType = file.xib; path = AnimationsViewController.xib; sourceTree = "<group>"; };
		53689955221C6AC50071D26F /* AnimationsViewController.swift */ = {isa = PBXFileReference; lastKnownFileType = sourcecode.swift; path = AnimationsViewController.swift; sourceTree = "<group>"; };
		53689958221C6DA60071D26F /* AnimationCellView.swift */ = {isa = PBXFileReference; fileEncoding = 4; lastKnownFileType = sourcecode.swift; path = AnimationCellView.swift; sourceTree = "<group>"; };
		53E840D5221D9A8E005FA65E /* Canvas.app */ = {isa = PBXFileReference; explicitFileType = wrapper.application; includeInIndex = 0; path = Canvas.app; sourceTree = BUILT_PRODUCTS_DIR; };
		53E840D9221D9A8F005FA65E /* Assets.xcassets */ = {isa = PBXFileReference; lastKnownFileType = folder.assetcatalog; path = Assets.xcassets; sourceTree = "<group>"; };
		53E840DE221D9A8F005FA65E /* Info.plist */ = {isa = PBXFileReference; lastKnownFileType = text.plist.xml; path = Info.plist; sourceTree = "<group>"; };
		53E840DF221D9A8F005FA65E /* Canvas.entitlements */ = {isa = PBXFileReference; lastKnownFileType = text.plist.entitlements; path = Canvas.entitlements; sourceTree = "<group>"; };
		53E840E3221D9AAB005FA65E /* AppDelegate.swift */ = {isa = PBXFileReference; fileEncoding = 4; lastKnownFileType = sourcecode.swift; path = AppDelegate.swift; sourceTree = "<group>"; };
		53E840E4221D9AAB005FA65E /* MainMenu.xib */ = {isa = PBXFileReference; fileEncoding = 4; lastKnownFileType = file.xib; path = MainMenu.xib; sourceTree = "<group>"; };
		53E840F2221D9BA3005FA65E /* cubicMess.mp4 */ = {isa = PBXFileReference; lastKnownFileType = file; path = cubicMess.mp4; sourceTree = "<group>"; };
		53E840F3221D9BA4005FA65E /* runningInGrass.mp4 */ = {isa = PBXFileReference; lastKnownFileType = file; path = runningInGrass.mp4; sourceTree = "<group>"; };
		53E840F4221D9BA5005FA65E /* unstablePipes.mp4 */ = {isa = PBXFileReference; lastKnownFileType = file; path = unstablePipes.mp4; sourceTree = "<group>"; };
		53E840F5221D9BA5005FA65E /* neon.mp4 */ = {isa = PBXFileReference; lastKnownFileType = file; path = neon.mp4; sourceTree = "<group>"; };
		53E840FE221DA1D1005FA65E /* all.mp4 */ = {isa = PBXFileReference; lastKnownFileType = file; path = all.mp4; sourceTree = "<group>"; };
		53E84108221DA549005FA65E /* NSObject+Identifier.swift */ = {isa = PBXFileReference; lastKnownFileType = sourcecode.swift; path = "NSObject+Identifier.swift"; sourceTree = "<group>"; };
/* End PBXFileReference section */

/* Begin PBXFrameworksBuildPhase section */
		21F222221B73B5AC00B9A11A /* Frameworks */ = {
			isa = PBXFrameworksBuildPhase;
			buildActionMask = 2147483647;
			files = (
			);
			runOnlyForDeploymentPostprocessing = 0;
		};
		53E840D2221D9A8E005FA65E /* Frameworks */ = {
			isa = PBXFrameworksBuildPhase;
			buildActionMask = 2147483647;
			files = (
			);
			runOnlyForDeploymentPostprocessing = 0;
		};
/* End PBXFrameworksBuildPhase section */

/* Begin PBXGroup section */
		20CAF50421891F9E0086AED8 /* Resources */ = {
			isa = PBXGroup;
			children = (
				53E840F1221D9B88005FA65E /* Videos */,
				203E6504218C65CD0021F2F2 /* thumbnail.png */,
				203E6505218C65CD0021F2F2 /* thumbnail@2x.png */,
			);
			path = Resources;
			sourceTree = "<group>";
		};
		218D6EDA20FC3CEB0029D4A9 /* Brooklyn */ = {
			isa = PBXGroup;
			children = (
				218D6EDE20FC3CEB0029D4A9 /* Info.plist */,
				20CAF50521891FCE0086AED8 /* BrooklynView.swift */,
				53689943221C66E90071D26F /* Contexts */,
				53689934221C66BD0071D26F /* Enumerations */,
				5368993B221C66C10071D26F /* Extensions */,
				20CAF50421891F9E0086AED8 /* Resources */,
			);
			path = Brooklyn;
			sourceTree = "<group>";
		};
		21F2221C1B73B5AC00B9A11A = {
			isa = PBXGroup;
			children = (
				218D6EDA20FC3CEB0029D4A9 /* Brooklyn */,
				53E840D6221D9A8E005FA65E /* Canvas */,
				21F222271B73B5AC00B9A11A /* Products */,
			);
			sourceTree = "<group>";
		};
		21F222271B73B5AC00B9A11A /* Products */ = {
			isa = PBXGroup;
			children = (
				21F222261B73B5AC00B9A11A /* Brooklyn.saver */,
				53E840D5221D9A8E005FA65E /* Canvas.app */,
			);
			name = Products;
			sourceTree = "<group>";
		};
		53689934221C66BD0071D26F /* Enumerations */ = {
			isa = PBXGroup;
			children = (
				53689935221C66BD0071D26F /* Extension.swift */,
				53689936221C66BD0071D26F /* Video.swift */,
			);
			path = Enumerations;
			sourceTree = "<group>";
		};
		5368993B221C66C10071D26F /* Extensions */ = {
			isa = PBXGroup;
			children = (
				5368993C221C66C10071D26F /* NSTableView+Dequeue.swift */,
				5368994A221C68520071D26F /* AVPlayerLooper+Factory.swift */,
				5368994D221C68790071D26F /* AVPlayerItem+Init.swift */,
				53E84108221DA549005FA65E /* NSObject+Identifier.swift */,
			);
			path = Extensions;
			sourceTree = "<group>";
		};
		53689943221C66E90071D26F /* Contexts */ = {
			isa = PBXGroup;
			children = (
				53689950221C6A2A0071D26F /* Root */,
				53689951221C6A320071D26F /* Animations */,
			);
			path = Contexts;
			sourceTree = "<group>";
		};
		53689950221C6A2A0071D26F /* Root */ = {
			isa = PBXGroup;
			children = (
				53689945221C66F60071D26F /* PreferencesWindowController.swift */,
				53689944221C66F50071D26F /* PreferencesTabController.swift */,
			);
			path = Root;
			sourceTree = "<group>";
		};
		53689951221C6A320071D26F /* Animations */ = {
			isa = PBXGroup;
			children = (
				53689952221C6A4E0071D26F /* AnimationsViewController.xib */,
				53689955221C6AC50071D26F /* AnimationsViewController.swift */,
				53689958221C6DA60071D26F /* AnimationCellView.swift */,
			);
			path = Animations;
			sourceTree = "<group>";
		};
		53E840D6221D9A8E005FA65E /* Canvas */ = {
			isa = PBXGroup;
			children = (
				53E840E3221D9AAB005FA65E /* AppDelegate.swift */,
				53E840E4221D9AAB005FA65E /* MainMenu.xib */,
				53E840D9221D9A8F005FA65E /* Assets.xcassets */,
				53E840DE221D9A8F005FA65E /* Info.plist */,
				53E840DF221D9A8F005FA65E /* Canvas.entitlements */,
			);
			path = Canvas;
			sourceTree = "<group>";
		};
		53E840F1221D9B88005FA65E /* Videos */ = {
			isa = PBXGroup;
			children = (
				53E840FE221DA1D1005FA65E /* all.mp4 */,
				53E840F2221D9BA3005FA65E /* cubicMess.mp4 */,
				53E840F5221D9BA5005FA65E /* neon.mp4 */,
				53E840F3221D9BA4005FA65E /* runningInGrass.mp4 */,
				53E840F4221D9BA5005FA65E /* unstablePipes.mp4 */,
			);
			path = Videos;
			sourceTree = "<group>";
		};
/* End PBXGroup section */

/* Begin PBXHeadersBuildPhase section */
		21F222231B73B5AC00B9A11A /* Headers */ = {
			isa = PBXHeadersBuildPhase;
			buildActionMask = 2147483647;
			files = (
			);
			runOnlyForDeploymentPostprocessing = 0;
		};
/* End PBXHeadersBuildPhase section */

/* Begin PBXNativeTarget section */
		21F222251B73B5AC00B9A11A /* Brooklyn */ = {
			isa = PBXNativeTarget;
			buildConfigurationList = 21F222311B73B5AC00B9A11A /* Build configuration list for PBXNativeTarget "Brooklyn" */;
			buildPhases = (
				21F222211B73B5AC00B9A11A /* Sources */,
				21F222221B73B5AC00B9A11A /* Frameworks */,
				21F222231B73B5AC00B9A11A /* Headers */,
				21F222241B73B5AC00B9A11A /* Resources */,
			);
			buildRules = (
			);
			dependencies = (
			);
			name = Brooklyn;
			productName = MinimalClock;
			productReference = 21F222261B73B5AC00B9A11A /* Brooklyn.saver */;
			productType = "com.apple.product-type.bundle";
		};
		53E840D4221D9A8E005FA65E /* Canvas */ = {
			isa = PBXNativeTarget;
			buildConfigurationList = 53E840E0221D9A8F005FA65E /* Build configuration list for PBXNativeTarget "Canvas" */;
			buildPhases = (
				53E840D1221D9A8E005FA65E /* Sources */,
				53E840D2221D9A8E005FA65E /* Frameworks */,
				53E840D3221D9A8E005FA65E /* Resources */,
			);
			buildRules = (
			);
			dependencies = (
			);
			name = Canvas;
			productName = Canvas;
			productReference = 53E840D5221D9A8E005FA65E /* Canvas.app */;
			productType = "com.apple.product-type.application";
		};
/* End PBXNativeTarget section */

/* Begin PBXProject section */
		21F2221D1B73B5AC00B9A11A /* Project object */ = {
			isa = PBXProject;
			attributes = {
				LastSwiftUpdateCheck = 1010;
				LastUpgradeCheck = 1000;
				ORGANIZATIONNAME = "Pedro Carrasco";
				TargetAttributes = {
					21F222251B73B5AC00B9A11A = {
						CreatedOnToolsVersion = 6.4;
						ProvisioningStyle = Automatic;
					};
					53E840D4221D9A8E005FA65E = {
						CreatedOnToolsVersion = 10.1;
						LastSwiftMigration = 1010;
					};
				};
			};
			buildConfigurationList = 21F222201B73B5AC00B9A11A /* Build configuration list for PBXProject "Brooklyn" */;
			compatibilityVersion = "Xcode 10.0";
			developmentRegion = English;
			hasScannedForEncodings = 0;
			knownRegions = (
				en,
				Base,
			);
			mainGroup = 21F2221C1B73B5AC00B9A11A;
			productRefGroup = 21F222271B73B5AC00B9A11A /* Products */;
			projectDirPath = "";
			projectRoot = "";
			targets = (
				21F222251B73B5AC00B9A11A /* Brooklyn */,
				53E840D4221D9A8E005FA65E /* Canvas */,
			);
		};
/* End PBXProject section */

/* Begin PBXResourcesBuildPhase section */
		21F222241B73B5AC00B9A11A /* Resources */ = {
			isa = PBXResourcesBuildPhase;
			buildActionMask = 2147483647;
			files = (
				53E840FC221D9BA5005FA65E /* neon.mp4 in Resources */,
				203E6506218C65CD0021F2F2 /* thumbnail.png in Resources */,
				203E6507218C65CD0021F2F2 /* thumbnail@2x.png in Resources */,
				53E840F6221D9BA5005FA65E /* cubicMess.mp4 in Resources */,
				53E840FA221D9BA5005FA65E /* unstablePipes.mp4 in Resources */,
				53689953221C6A4E0071D26F /* AnimationsViewController.xib in Resources */,
				53E840F8221D9BA5005FA65E /* runningInGrass.mp4 in Resources */,
				53E840FF221DA1D1005FA65E /* all.mp4 in Resources */,
			);
			runOnlyForDeploymentPostprocessing = 0;
		};
		53E840D3221D9A8E005FA65E /* Resources */ = {
			isa = PBXResourcesBuildPhase;
			buildActionMask = 2147483647;
			files = (
				53E840FD221D9BA5005FA65E /* neon.mp4 in Resources */,
				53E840DA221D9A8F005FA65E /* Assets.xcassets in Resources */,
				53E840E6221D9AAB005FA65E /* MainMenu.xib in Resources */,
				53E840F7221D9BA5005FA65E /* cubicMess.mp4 in Resources */,
				53E840FB221D9BA5005FA65E /* unstablePipes.mp4 in Resources */,
				53E840E9221D9B46005FA65E /* AnimationsViewController.xib in Resources */,
				53E840F9221D9BA5005FA65E /* runningInGrass.mp4 in Resources */,
				53E84100221DA1D1005FA65E /* all.mp4 in Resources */,
			);
			runOnlyForDeploymentPostprocessing = 0;
		};
/* End PBXResourcesBuildPhase section */

/* Begin PBXSourcesBuildPhase section */
		21F222211B73B5AC00B9A11A /* Sources */ = {
			isa = PBXSourcesBuildPhase;
			buildActionMask = 2147483647;
			files = (
				53689948221C66F60071D26F /* PreferencesWindowController.swift in Sources */,
				20CAF50621891FCE0086AED8 /* BrooklynView.swift in Sources */,
				5368993D221C66C10071D26F /* NSTableView+Dequeue.swift in Sources */,
				53689959221C6DA60071D26F /* AnimationCellView.swift in Sources */,
				53689956221C6AC50071D26F /* AnimationsViewController.swift in Sources */,
				53689939221C66BD0071D26F /* Video.swift in Sources */,
				5368994E221C68790071D26F /* AVPlayerItem+Init.swift in Sources */,
				53689937221C66BD0071D26F /* Extension.swift in Sources */,
				5368994B221C68520071D26F /* AVPlayerLooper+Factory.swift in Sources */,
				53E84109221DA549005FA65E /* NSObject+Identifier.swift in Sources */,
				53689946221C66F60071D26F /* PreferencesTabController.swift in Sources */,
			);
			runOnlyForDeploymentPostprocessing = 0;
		};
		53E840D1221D9A8E005FA65E /* Sources */ = {
			isa = PBXSourcesBuildPhase;
			buildActionMask = 2147483647;
			files = (
				53E840F0221D9B5D005FA65E /* AVPlayerItem+Init.swift in Sources */,
				53E840E7221D9B37005FA65E /* PreferencesWindowController.swift in Sources */,
				53E840EE221D9B57005FA65E /* NSTableView+Dequeue.swift in Sources */,
				53E840EF221D9B5A005FA65E /* AVPlayerLooper+Factory.swift in Sources */,
				53E840EA221D9B48005FA65E /* AnimationCellView.swift in Sources */,
				53E840E5221D9AAB005FA65E /* AppDelegate.swift in Sources */,
				53E840EC221D9B51005FA65E /* Extension.swift in Sources */,
				53E840E8221D9B3A005FA65E /* PreferencesTabController.swift in Sources */,
				53E840ED221D9B53005FA65E /* Video.swift in Sources */,
				53E8410A221DA549005FA65E /* NSObject+Identifier.swift in Sources */,
				53E840EB221D9B4C005FA65E /* AnimationsViewController.swift in Sources */,
			);
			runOnlyForDeploymentPostprocessing = 0;
		};
/* End PBXSourcesBuildPhase section */

/* Begin XCBuildConfiguration section */
		21F2222F1B73B5AC00B9A11A /* Debug */ = {
			isa = XCBuildConfiguration;
			buildSettings = {
				ALWAYS_SEARCH_USER_PATHS = NO;
				CLANG_CXX_LANGUAGE_STANDARD = "gnu++0x";
				CLANG_CXX_LIBRARY = "libc++";
				CLANG_ENABLE_MODULES = YES;
				CLANG_ENABLE_OBJC_ARC = YES;
				CLANG_WARN_BLOCK_CAPTURE_AUTORELEASING = YES;
				CLANG_WARN_BOOL_CONVERSION = YES;
				CLANG_WARN_COMMA = YES;
				CLANG_WARN_CONSTANT_CONVERSION = YES;
				CLANG_WARN_DEPRECATED_OBJC_IMPLEMENTATIONS = YES;
				CLANG_WARN_DIRECT_OBJC_ISA_USAGE = YES_ERROR;
				CLANG_WARN_EMPTY_BODY = YES;
				CLANG_WARN_ENUM_CONVERSION = YES;
				CLANG_WARN_INFINITE_RECURSION = YES;
				CLANG_WARN_INT_CONVERSION = YES;
				CLANG_WARN_NON_LITERAL_NULL_CONVERSION = YES;
				CLANG_WARN_OBJC_IMPLICIT_RETAIN_SELF = YES;
				CLANG_WARN_OBJC_LITERAL_CONVERSION = YES;
				CLANG_WARN_OBJC_ROOT_CLASS = YES_ERROR;
				CLANG_WARN_RANGE_LOOP_ANALYSIS = YES;
				CLANG_WARN_STRICT_PROTOTYPES = YES;
				CLANG_WARN_SUSPICIOUS_MOVE = YES;
				CLANG_WARN_UNREACHABLE_CODE = YES;
				CLANG_WARN__DUPLICATE_METHOD_MATCH = YES;
				COPY_PHASE_STRIP = NO;
				DEBUG_INFORMATION_FORMAT = dwarf;
				ENABLE_STRICT_OBJC_MSGSEND = YES;
				ENABLE_TESTABILITY = YES;
				GCC_C_LANGUAGE_STANDARD = gnu99;
				GCC_DYNAMIC_NO_PIC = NO;
				GCC_NO_COMMON_BLOCKS = YES;
				GCC_OPTIMIZATION_LEVEL = 0;
				GCC_PREPROCESSOR_DEFINITIONS = (
					"DEBUG=1",
					"$(inherited)",
				);
				GCC_SYMBOLS_PRIVATE_EXTERN = NO;
				GCC_WARN_64_TO_32_BIT_CONVERSION = YES;
				GCC_WARN_ABOUT_RETURN_TYPE = YES_ERROR;
				GCC_WARN_UNDECLARED_SELECTOR = YES;
				GCC_WARN_UNINITIALIZED_AUTOS = YES_AGGRESSIVE;
				GCC_WARN_UNUSED_FUNCTION = YES;
				GCC_WARN_UNUSED_VARIABLE = YES;
				MACOSX_DEPLOYMENT_TARGET = 10.12;
				MTL_ENABLE_DEBUG_INFO = YES;
				ONLY_ACTIVE_ARCH = YES;
				SDKROOT = macosx;
				SWIFT_SWIFT3_OBJC_INFERENCE = Off;
				SWIFT_VERSION = 4.2;
			};
			name = Debug;
		};
		21F222301B73B5AC00B9A11A /* Release */ = {
			isa = XCBuildConfiguration;
			buildSettings = {
				ALWAYS_SEARCH_USER_PATHS = NO;
				CLANG_CXX_LANGUAGE_STANDARD = "gnu++0x";
				CLANG_CXX_LIBRARY = "libc++";
				CLANG_ENABLE_MODULES = YES;
				CLANG_ENABLE_OBJC_ARC = YES;
				CLANG_WARN_BLOCK_CAPTURE_AUTORELEASING = YES;
				CLANG_WARN_BOOL_CONVERSION = YES;
				CLANG_WARN_COMMA = YES;
				CLANG_WARN_CONSTANT_CONVERSION = YES;
				CLANG_WARN_DEPRECATED_OBJC_IMPLEMENTATIONS = YES;
				CLANG_WARN_DIRECT_OBJC_ISA_USAGE = YES_ERROR;
				CLANG_WARN_EMPTY_BODY = YES;
				CLANG_WARN_ENUM_CONVERSION = YES;
				CLANG_WARN_INFINITE_RECURSION = YES;
				CLANG_WARN_INT_CONVERSION = YES;
				CLANG_WARN_NON_LITERAL_NULL_CONVERSION = YES;
				CLANG_WARN_OBJC_IMPLICIT_RETAIN_SELF = YES;
				CLANG_WARN_OBJC_LITERAL_CONVERSION = YES;
				CLANG_WARN_OBJC_ROOT_CLASS = YES_ERROR;
				CLANG_WARN_RANGE_LOOP_ANALYSIS = YES;
				CLANG_WARN_STRICT_PROTOTYPES = YES;
				CLANG_WARN_SUSPICIOUS_MOVE = YES;
				CLANG_WARN_UNREACHABLE_CODE = YES;
				CLANG_WARN__DUPLICATE_METHOD_MATCH = YES;
				COPY_PHASE_STRIP = NO;
				DEBUG_INFORMATION_FORMAT = "dwarf-with-dsym";
				ENABLE_NS_ASSERTIONS = NO;
				ENABLE_STRICT_OBJC_MSGSEND = YES;
				GCC_C_LANGUAGE_STANDARD = gnu99;
				GCC_NO_COMMON_BLOCKS = YES;
				GCC_WARN_64_TO_32_BIT_CONVERSION = YES;
				GCC_WARN_ABOUT_RETURN_TYPE = YES_ERROR;
				GCC_WARN_UNDECLARED_SELECTOR = YES;
				GCC_WARN_UNINITIALIZED_AUTOS = YES_AGGRESSIVE;
				GCC_WARN_UNUSED_FUNCTION = YES;
				GCC_WARN_UNUSED_VARIABLE = YES;
				MACOSX_DEPLOYMENT_TARGET = 10.12;
				MTL_ENABLE_DEBUG_INFO = NO;
				SDKROOT = macosx;
				SWIFT_COMPILATION_MODE = wholemodule;
				SWIFT_SWIFT3_OBJC_INFERENCE = Off;
				SWIFT_VERSION = 4.2;
			};
			name = Release;
		};
		21F222321B73B5AC00B9A11A /* Debug */ = {
			isa = XCBuildConfiguration;
			buildSettings = {
				ALWAYS_EMBED_SWIFT_STANDARD_LIBRARIES = YES;
				CLANG_ENABLE_MODULES = YES;
				CODE_SIGN_IDENTITY = "-";
				CODE_SIGN_STYLE = Automatic;
				COMBINE_HIDPI_IMAGES = YES;
				DEVELOPMENT_TEAM = "";
				INFOPLIST_FILE = "$(SRCROOT)/Brooklyn/Info.plist";
				INSTALL_PATH = "$(HOME)/Library/Screen Savers";
				LD_RUNPATH_SEARCH_PATHS = (
					"$(inherited)",
					"@executable_path/../Frameworks",
					"@loader_path/../Frameworks",
				);
				PRODUCT_BUNDLE_IDENTIFIER = oedrommcarrasco.brooklyn;
				PRODUCT_NAME = Brooklyn;
				PROVISIONING_PROFILE_SPECIFIER = "";
				SWIFT_OPTIMIZATION_LEVEL = "-Onone";
				WRAPPER_EXTENSION = saver;
			};
			name = Debug;
		};
		21F222331B73B5AC00B9A11A /* Release */ = {
			isa = XCBuildConfiguration;
			buildSettings = {
				ALWAYS_EMBED_SWIFT_STANDARD_LIBRARIES = YES;
				CLANG_ENABLE_MODULES = YES;
				CODE_SIGN_IDENTITY = "-";
				CODE_SIGN_STYLE = Automatic;
				COMBINE_HIDPI_IMAGES = YES;
				DEVELOPMENT_TEAM = "";
				INFOPLIST_FILE = "$(SRCROOT)/Brooklyn/Info.plist";
				INSTALL_PATH = "$(HOME)/Library/Screen Savers";
				LD_RUNPATH_SEARCH_PATHS = (
					"$(inherited)",
					"@executable_path/../Frameworks",
					"@loader_path/../Frameworks",
				);
				PRODUCT_BUNDLE_IDENTIFIER = oedrommcarrasco.brooklyn;
				PRODUCT_NAME = Brooklyn;
				PROVISIONING_PROFILE_SPECIFIER = "";
				WRAPPER_EXTENSION = saver;
			};
			name = Release;
		};
		53E840E1221D9A8F005FA65E /* Debug */ = {
			isa = XCBuildConfiguration;
			buildSettings = {
				ASSETCATALOG_COMPILER_APPICON_NAME = AppIcon;
				CLANG_ANALYZER_NONNULL = YES;
				CLANG_ANALYZER_NUMBER_OBJECT_CONVERSION = YES_AGGRESSIVE;
				CLANG_CXX_LANGUAGE_STANDARD = "gnu++14";
				CLANG_ENABLE_MODULES = YES;
				CLANG_ENABLE_OBJC_WEAK = YES;
				CLANG_WARN_DOCUMENTATION_COMMENTS = YES;
				CLANG_WARN_UNGUARDED_AVAILABILITY = YES_AGGRESSIVE;
				CODE_SIGN_ENTITLEMENTS = Canvas/Canvas.entitlements;
				CODE_SIGN_IDENTITY = "-";
				CODE_SIGN_STYLE = Automatic;
				COMBINE_HIDPI_IMAGES = YES;
				GCC_C_LANGUAGE_STANDARD = gnu11;
				INFOPLIST_FILE = Canvas/Info.plist;
				LD_RUNPATH_SEARCH_PATHS = (
					"$(inherited)",
					"@executable_path/../Frameworks",
				);
				MACOSX_DEPLOYMENT_TARGET = 10.14;
				MTL_ENABLE_DEBUG_INFO = INCLUDE_SOURCE;
				MTL_FAST_MATH = YES;
				PRODUCT_BUNDLE_IDENTIFIER = pedrommcarrasco.Canvas;
				PRODUCT_NAME = "$(TARGET_NAME)";
				SWIFT_ACTIVE_COMPILATION_CONDITIONS = DEBUG;
				SWIFT_OPTIMIZATION_LEVEL = "-Onone";
				SWIFT_VERSION = 4.2;
			};
			name = Debug;
		};
		53E840E2221D9A8F005FA65E /* Release */ = {
			isa = XCBuildConfiguration;
			buildSettings = {
				ASSETCATALOG_COMPILER_APPICON_NAME = AppIcon;
				CLANG_ANALYZER_NONNULL = YES;
				CLANG_ANALYZER_NUMBER_OBJECT_CONVERSION = YES_AGGRESSIVE;
				CLANG_CXX_LANGUAGE_STANDARD = "gnu++14";
				CLANG_ENABLE_MODULES = YES;
				CLANG_ENABLE_OBJC_WEAK = YES;
				CLANG_WARN_DOCUMENTATION_COMMENTS = YES;
				CLANG_WARN_UNGUARDED_AVAILABILITY = YES_AGGRESSIVE;
				CODE_SIGN_ENTITLEMENTS = Canvas/Canvas.entitlements;
				CODE_SIGN_IDENTITY = "-";
				CODE_SIGN_STYLE = Automatic;
				COMBINE_HIDPI_IMAGES = YES;
				GCC_C_LANGUAGE_STANDARD = gnu11;
				INFOPLIST_FILE = Canvas/Info.plist;
				LD_RUNPATH_SEARCH_PATHS = (
					"$(inherited)",
					"@executable_path/../Frameworks",
				);
				MACOSX_DEPLOYMENT_TARGET = 10.14;
				MTL_FAST_MATH = YES;
				PRODUCT_BUNDLE_IDENTIFIER = pedrommcarrasco.Canvas;
				PRODUCT_NAME = "$(TARGET_NAME)";
				SWIFT_OPTIMIZATION_LEVEL = "-O";
				SWIFT_VERSION = 4.2;
			};
			name = Release;
		};
/* End XCBuildConfiguration section */

/* Begin XCConfigurationList section */
		21F222201B73B5AC00B9A11A /* Build configuration list for PBXProject "Brooklyn" */ = {
			isa = XCConfigurationList;
			buildConfigurations = (
				21F2222F1B73B5AC00B9A11A /* Debug */,
				21F222301B73B5AC00B9A11A /* Release */,
			);
			defaultConfigurationIsVisible = 0;
			defaultConfigurationName = Release;
		};
		21F222311B73B5AC00B9A11A /* Build configuration list for PBXNativeTarget "Brooklyn" */ = {
			isa = XCConfigurationList;
			buildConfigurations = (
				21F222321B73B5AC00B9A11A /* Debug */,
				21F222331B73B5AC00B9A11A /* Release */,
			);
			defaultConfigurationIsVisible = 0;
			defaultConfigurationName = Release;
		};
		53E840E0221D9A8F005FA65E /* Build configuration list for PBXNativeTarget "Canvas" */ = {
			isa = XCConfigurationList;
			buildConfigurations = (
				53E840E1221D9A8F005FA65E /* Debug */,
				53E840E2221D9A8F005FA65E /* Release */,
			);
			defaultConfigurationIsVisible = 0;
			defaultConfigurationName = Release;
		};
/* End XCConfigurationList section */
	};
	rootObject = 21F2221D1B73B5AC00B9A11A /* Project object */;
}
