// !$*UTF8*$!
{
	archiveVersion = 1;
	classes = {
	};
	objectVersion = 51;
	objects = {

/* Begin PBXBuildFile section */
		044F0F465C1384184822C1BC /* Pods_Canvas.framework in Frameworks */ = {isa = PBXBuildFile; fileRef = 7B0DB6FE7EBD8A9124C0788E /* Pods_Canvas.framework */; };
		201F4FB722207868007B43FF /* Collection+Index.swift in Sources */ = {isa = PBXBuildFile; fileRef = 201F4FB622207868007B43FF /* Collection+Index.swift */; };
		201F4FB8222078B6007B43FF /* Collection+Index.swift in Sources */ = {isa = PBXBuildFile; fileRef = 201F4FB622207868007B43FF /* Collection+Index.swift */; };
		2023D4FA222204E6007B6243 /* LoopPlayer.swift in Sources */ = {isa = PBXBuildFile; fileRef = 2023D4F9222204E6007B6243 /* LoopPlayer.swift */; };
		2023D4FB222205B0007B6243 /* LoopPlayer.swift in Sources */ = {isa = PBXBuildFile; fileRef = 2023D4F9222204E6007B6243 /* LoopPlayer.swift */; };
		202F52BE2229EC07004FF9CD /* blueSand.mp4 in Resources */ = {isa = PBXBuildFile; fileRef = 202F52BD2229EC07004FF9CD /* blueSand.mp4 */; };
		202F52BF2229EC07004FF9CD /* blueSand.mp4 in Resources */ = {isa = PBXBuildFile; fileRef = 202F52BD2229EC07004FF9CD /* blueSand.mp4 */; };
		202F52C12229EC1C004FF9CD /* snakes.mp4 in Resources */ = {isa = PBXBuildFile; fileRef = 202F52C02229EC1C004FF9CD /* snakes.mp4 */; };
		202F52C22229EC1C004FF9CD /* snakes.mp4 in Resources */ = {isa = PBXBuildFile; fileRef = 202F52C02229EC1C004FF9CD /* snakes.mp4 */; };
		202F52C72229EC5E004FF9CD /* cells.mp4 in Resources */ = {isa = PBXBuildFile; fileRef = 202F52C62229EC5E004FF9CD /* cells.mp4 */; };
		202F52C82229EC5E004FF9CD /* cells.mp4 in Resources */ = {isa = PBXBuildFile; fileRef = 202F52C62229EC5E004FF9CD /* cells.mp4 */; };
		202F52CD2229FC62004FF9CD /* sulleysFur.mp4 in Resources */ = {isa = PBXBuildFile; fileRef = 202F52CC2229FC62004FF9CD /* sulleysFur.mp4 */; };
		202F52CE2229FC62004FF9CD /* sulleysFur.mp4 in Resources */ = {isa = PBXBuildFile; fileRef = 202F52CC2229FC62004FF9CD /* sulleysFur.mp4 */; };
		202F52D32229FCBA004FF9CD /* cityLife.mp4 in Resources */ = {isa = PBXBuildFile; fileRef = 202F52D22229FCBA004FF9CD /* cityLife.mp4 */; };
		202F52D42229FCBA004FF9CD /* cityLife.mp4 in Resources */ = {isa = PBXBuildFile; fileRef = 202F52D22229FCBA004FF9CD /* cityLife.mp4 */; };
		202F52D62229FCE1004FF9CD /* fruitNinja.mp4 in Resources */ = {isa = PBXBuildFile; fileRef = 202F52D52229FCE1004FF9CD /* fruitNinja.mp4 */; };
		202F52D72229FCE1004FF9CD /* fruitNinja.mp4 in Resources */ = {isa = PBXBuildFile; fileRef = 202F52D52229FCE1004FF9CD /* fruitNinja.mp4 */; };
		202F52D92229FCFD004FF9CD /* goldenBarbs.mp4 in Resources */ = {isa = PBXBuildFile; fileRef = 202F52D82229FCFD004FF9CD /* goldenBarbs.mp4 */; };
		202F52DA2229FCFD004FF9CD /* goldenBarbs.mp4 in Resources */ = {isa = PBXBuildFile; fileRef = 202F52D82229FCFD004FF9CD /* goldenBarbs.mp4 */; };
		203E6506218C65CD0021F2F2 /* thumbnail.png in Resources */ = {isa = PBXBuildFile; fileRef = 203E6504218C65CD0021F2F2 /* thumbnail.png */; };
		203E6507218C65CD0021F2F2 /* thumbnail@2x.png in Resources */ = {isa = PBXBuildFile; fileRef = 203E6505218C65CD0021F2F2 /* thumbnail@2x.png */; };
		204295312228A21600477014 /* watercolors.mp4 in Resources */ = {isa = PBXBuildFile; fileRef = 204295302228A21600477014 /* watercolors.mp4 */; };
		204295322228A21600477014 /* watercolors.mp4 in Resources */ = {isa = PBXBuildFile; fileRef = 204295302228A21600477014 /* watercolors.mp4 */; };
		204295342228A23B00477014 /* connectivity.mp4 in Resources */ = {isa = PBXBuildFile; fileRef = 204295332228A23B00477014 /* connectivity.mp4 */; };
		204295352228A23B00477014 /* connectivity.mp4 in Resources */ = {isa = PBXBuildFile; fileRef = 204295332228A23B00477014 /* connectivity.mp4 */; };
		206ECE3022217ECC00971C99 /* Media.xcassets in Resources */ = {isa = PBXBuildFile; fileRef = 206ECE2F22217ECC00971C99 /* Media.xcassets */; };
		206ECE312221827400971C99 /* Media.xcassets in Resources */ = {isa = PBXBuildFile; fileRef = 206ECE2F22217ECC00971C99 /* Media.xcassets */; };
		206ECE332221869400971C99 /* URLType.swift in Sources */ = {isa = PBXBuildFile; fileRef = 206ECE322221869400971C99 /* URLType.swift */; };
		206ECE342221879200971C99 /* URLType.swift in Sources */ = {isa = PBXBuildFile; fileRef = 206ECE322221869400971C99 /* URLType.swift */; };
		206ECE3C2221993000971C99 /* DisplayMode.swift in Sources */ = {isa = PBXBuildFile; fileRef = 206ECE3B2221993000971C99 /* DisplayMode.swift */; };
		206ECE3D2221993000971C99 /* DisplayMode.swift in Sources */ = {isa = PBXBuildFile; fileRef = 206ECE3B2221993000971C99 /* DisplayMode.swift */; };
		20721242222B11690026F1E1 /* soundSpectrum.mp4 in Resources */ = {isa = PBXBuildFile; fileRef = 20721241222B11690026F1E1 /* soundSpectrum.mp4 */; };
		20721243222B11690026F1E1 /* soundSpectrum.mp4 in Resources */ = {isa = PBXBuildFile; fileRef = 20721241222B11690026F1E1 /* soundSpectrum.mp4 */; };
		2072124E222B14D90026F1E1 /* fadingPieces.mp4 in Resources */ = {isa = PBXBuildFile; fileRef = 2072124D222B14D90026F1E1 /* fadingPieces.mp4 */; };
		2072124F222B14D90026F1E1 /* fadingPieces.mp4 in Resources */ = {isa = PBXBuildFile; fileRef = 2072124D222B14D90026F1E1 /* fadingPieces.mp4 */; };
		208BB852222C9D2300C65D5C /* warp.mp4 in Resources */ = {isa = PBXBuildFile; fileRef = 208BB851222C9D2300C65D5C /* warp.mp4 */; };
		208BB853222C9D2300C65D5C /* warp.mp4 in Resources */ = {isa = PBXBuildFile; fileRef = 208BB851222C9D2300C65D5C /* warp.mp4 */; };
		208BB855222CA7E000C65D5C /* auroraBorealis.mp4 in Resources */ = {isa = PBXBuildFile; fileRef = 208BB854222CA7DF00C65D5C /* auroraBorealis.mp4 */; };
		208BB856222CA7E000C65D5C /* auroraBorealis.mp4 in Resources */ = {isa = PBXBuildFile; fileRef = 208BB854222CA7DF00C65D5C /* auroraBorealis.mp4 */; };
		208BB858222CA83300C65D5C /* sunset.mp4 in Resources */ = {isa = PBXBuildFile; fileRef = 208BB857222CA83300C65D5C /* sunset.mp4 */; };
		208BB859222CA83300C65D5C /* sunset.mp4 in Resources */ = {isa = PBXBuildFile; fileRef = 208BB857222CA83300C65D5C /* sunset.mp4 */; };
		208BB85B222CAE1500C65D5C /* theRoom.mp4 in Resources */ = {isa = PBXBuildFile; fileRef = 208BB85A222CAE1400C65D5C /* theRoom.mp4 */; };
		208BB85C222CAE1500C65D5C /* theRoom.mp4 in Resources */ = {isa = PBXBuildFile; fileRef = 208BB85A222CAE1400C65D5C /* theRoom.mp4 */; };
		208BB85E222CB29B00C65D5C /* crescentMoon.mp4 in Resources */ = {isa = PBXBuildFile; fileRef = 208BB85D222CB29A00C65D5C /* crescentMoon.mp4 */; };
		208BB85F222CB29B00C65D5C /* crescentMoon.mp4 in Resources */ = {isa = PBXBuildFile; fileRef = 208BB85D222CB29A00C65D5C /* crescentMoon.mp4 */; };
		208BB861222CC35800C65D5C /* cuphead.mp4 in Resources */ = {isa = PBXBuildFile; fileRef = 208BB860222CC35800C65D5C /* cuphead.mp4 */; };
		208BB862222CC35800C65D5C /* cuphead.mp4 in Resources */ = {isa = PBXBuildFile; fileRef = 208BB860222CC35800C65D5C /* cuphead.mp4 */; };
		208BB864222D4EE000C65D5C /* stripes.mp4 in Resources */ = {isa = PBXBuildFile; fileRef = 208BB863222D4EDF00C65D5C /* stripes.mp4 */; };
		208BB865222D4EE000C65D5C /* stripes.mp4 in Resources */ = {isa = PBXBuildFile; fileRef = 208BB863222D4EDF00C65D5C /* stripes.mp4 */; };
		208BB867222D515000C65D5C /* nature.mp4 in Resources */ = {isa = PBXBuildFile; fileRef = 208BB866222D515000C65D5C /* nature.mp4 */; };
		208BB868222D515000C65D5C /* nature.mp4 in Resources */ = {isa = PBXBuildFile; fileRef = 208BB866222D515000C65D5C /* nature.mp4 */; };
		208BB86A222D52B500C65D5C /* inception.mp4 in Resources */ = {isa = PBXBuildFile; fileRef = 208BB869222D52B500C65D5C /* inception.mp4 */; };
		208BB86B222D52B500C65D5C /* inception.mp4 in Resources */ = {isa = PBXBuildFile; fileRef = 208BB869222D52B500C65D5C /* inception.mp4 */; };
		208BB86D222D594C00C65D5C /* tissue.mp4 in Resources */ = {isa = PBXBuildFile; fileRef = 208BB86C222D594B00C65D5C /* tissue.mp4 */; };
		208BB86E222D594C00C65D5C /* tissue.mp4 in Resources */ = {isa = PBXBuildFile; fileRef = 208BB86C222D594B00C65D5C /* tissue.mp4 */; };
		208BB870222D84D400C65D5C /* polarPeak.mp4 in Resources */ = {isa = PBXBuildFile; fileRef = 208BB86F222D84D400C65D5C /* polarPeak.mp4 */; };
		208BB871222D84D400C65D5C /* polarPeak.mp4 in Resources */ = {isa = PBXBuildFile; fileRef = 208BB86F222D84D400C65D5C /* polarPeak.mp4 */; };
		208BB873222D84EE00C65D5C /* sapphire.mp4 in Resources */ = {isa = PBXBuildFile; fileRef = 208BB872222D84EE00C65D5C /* sapphire.mp4 */; };
		208BB874222D84EE00C65D5C /* sapphire.mp4 in Resources */ = {isa = PBXBuildFile; fileRef = 208BB872222D84EE00C65D5C /* sapphire.mp4 */; };
		208BB876222D850C00C65D5C /* zelda.mp4 in Resources */ = {isa = PBXBuildFile; fileRef = 208BB875222D850C00C65D5C /* zelda.mp4 */; };
		208BB877222D850C00C65D5C /* zelda.mp4 in Resources */ = {isa = PBXBuildFile; fileRef = 208BB875222D850C00C65D5C /* zelda.mp4 */; };
		208BB879222D852500C65D5C /* fullMoon.mp4 in Resources */ = {isa = PBXBuildFile; fileRef = 208BB878222D852500C65D5C /* fullMoon.mp4 */; };
		208BB87A222D852500C65D5C /* fullMoon.mp4 in Resources */ = {isa = PBXBuildFile; fileRef = 208BB878222D852500C65D5C /* fullMoon.mp4 */; };
		208BB87C222D8A0800C65D5C /* juicy.mp4 in Resources */ = {isa = PBXBuildFile; fileRef = 208BB87B222D8A0800C65D5C /* juicy.mp4 */; };
		208BB87D222D8A0800C65D5C /* juicy.mp4 in Resources */ = {isa = PBXBuildFile; fileRef = 208BB87B222D8A0800C65D5C /* juicy.mp4 */; };
		208BB87F222D8A9C00C65D5C /* pangea.mp4 in Resources */ = {isa = PBXBuildFile; fileRef = 208BB87E222D8A9C00C65D5C /* pangea.mp4 */; };
		208BB880222D8A9C00C65D5C /* pangea.mp4 in Resources */ = {isa = PBXBuildFile; fileRef = 208BB87E222D8A9C00C65D5C /* pangea.mp4 */; };
		208BB882222D9A0000C65D5C /* doodle.mp4 in Resources */ = {isa = PBXBuildFile; fileRef = 208BB881222D9A0000C65D5C /* doodle.mp4 */; };
		208BB883222D9A0000C65D5C /* doodle.mp4 in Resources */ = {isa = PBXBuildFile; fileRef = 208BB881222D9A0000C65D5C /* doodle.mp4 */; };
		208BB885222D9A1F00C65D5C /* bits.mp4 in Resources */ = {isa = PBXBuildFile; fileRef = 208BB884222D9A1F00C65D5C /* bits.mp4 */; };
		208BB886222D9A1F00C65D5C /* bits.mp4 in Resources */ = {isa = PBXBuildFile; fileRef = 208BB884222D9A1F00C65D5C /* bits.mp4 */; };
		20B669C2221DEE3800645925 /* PreferencesWindowController.xib in Resources */ = {isa = PBXBuildFile; fileRef = 20B669C1221DEE3800645925 /* PreferencesWindowController.xib */; };
		20B669C3221DEFDB00645925 /* PreferencesWindowController.xib in Resources */ = {isa = PBXBuildFile; fileRef = 20B669C1221DEE3800645925 /* PreferencesWindowController.xib */; };
		20B669C4221DEFDE00645925 /* PreferencesWindowController.swift in Sources */ = {isa = PBXBuildFile; fileRef = 53689945221C66F60071D26F /* PreferencesWindowController.swift */; };
		20C1221722254BBC004CAF67 /* avatarTissue.mp4 in Resources */ = {isa = PBXBuildFile; fileRef = 20C1221622254BBC004CAF67 /* avatarTissue.mp4 */; };
		20C1221822254BBC004CAF67 /* avatarTissue.mp4 in Resources */ = {isa = PBXBuildFile; fileRef = 20C1221622254BBC004CAF67 /* avatarTissue.mp4 */; };
		20C1221A22254BDE004CAF67 /* ballPit.mp4 in Resources */ = {isa = PBXBuildFile; fileRef = 20C1221922254BDE004CAF67 /* ballPit.mp4 */; };
		20C1221B22254BDE004CAF67 /* ballPit.mp4 in Resources */ = {isa = PBXBuildFile; fileRef = 20C1221922254BDE004CAF67 /* ballPit.mp4 */; };
		20C1221D22254C12004CAF67 /* defragmentation.mp4 in Resources */ = {isa = PBXBuildFile; fileRef = 20C1221C22254C12004CAF67 /* defragmentation.mp4 */; };
		20C1221E22254C12004CAF67 /* defragmentation.mp4 in Resources */ = {isa = PBXBuildFile; fileRef = 20C1221C22254C12004CAF67 /* defragmentation.mp4 */; };
		20C1222022254C37004CAF67 /* fangs.mp4 in Resources */ = {isa = PBXBuildFile; fileRef = 20C1221F22254C37004CAF67 /* fangs.mp4 */; };
		20C1222122254C37004CAF67 /* fangs.mp4 in Resources */ = {isa = PBXBuildFile; fileRef = 20C1221F22254C37004CAF67 /* fangs.mp4 */; };
		20C1222322254C58004CAF67 /* geometricShapes.mp4 in Resources */ = {isa = PBXBuildFile; fileRef = 20C1222222254C58004CAF67 /* geometricShapes.mp4 */; };
		20C1222422254C58004CAF67 /* geometricShapes.mp4 in Resources */ = {isa = PBXBuildFile; fileRef = 20C1222222254C58004CAF67 /* geometricShapes.mp4 */; };
		20C1222622254C70004CAF67 /* glow.mp4 in Resources */ = {isa = PBXBuildFile; fileRef = 20C1222522254C70004CAF67 /* glow.mp4 */; };
		20C1222722254C70004CAF67 /* glow.mp4 in Resources */ = {isa = PBXBuildFile; fileRef = 20C1222522254C70004CAF67 /* glow.mp4 */; };
		20C1222922254C8B004CAF67 /* gummyWorms.mp4 in Resources */ = {isa = PBXBuildFile; fileRef = 20C1222822254C8B004CAF67 /* gummyWorms.mp4 */; };
		20C1222A22254C8B004CAF67 /* gummyWorms.mp4 in Resources */ = {isa = PBXBuildFile; fileRef = 20C1222822254C8B004CAF67 /* gummyWorms.mp4 */; };
		20C1222C22254CA2004CAF67 /* hills.mp4 in Resources */ = {isa = PBXBuildFile; fileRef = 20C1222B22254CA2004CAF67 /* hills.mp4 */; };
		20C1222D22254CA2004CAF67 /* hills.mp4 in Resources */ = {isa = PBXBuildFile; fileRef = 20C1222B22254CA2004CAF67 /* hills.mp4 */; };
		20C1223222254CD9004CAF67 /* layers.mp4 in Resources */ = {isa = PBXBuildFile; fileRef = 20C1223122254CD9004CAF67 /* layers.mp4 */; };
		20C1223322254CD9004CAF67 /* layers.mp4 in Resources */ = {isa = PBXBuildFile; fileRef = 20C1223122254CD9004CAF67 /* layers.mp4 */; };
		20C1223522254CEF004CAF67 /* leaf.mp4 in Resources */ = {isa = PBXBuildFile; fileRef = 20C1223422254CEF004CAF67 /* leaf.mp4 */; };
		20C1223622254CEF004CAF67 /* leaf.mp4 in Resources */ = {isa = PBXBuildFile; fileRef = 20C1223422254CEF004CAF67 /* leaf.mp4 */; };
		20C1223822254D06004CAF67 /* lines.mp4 in Resources */ = {isa = PBXBuildFile; fileRef = 20C1223722254D06004CAF67 /* lines.mp4 */; };
		20C1223922254D06004CAF67 /* lines.mp4 in Resources */ = {isa = PBXBuildFile; fileRef = 20C1223722254D06004CAF67 /* lines.mp4 */; };
		20C1223B22254D21004CAF67 /* magnify.mp4 in Resources */ = {isa = PBXBuildFile; fileRef = 20C1223A22254D21004CAF67 /* magnify.mp4 */; };
		20C1223C22254D21004CAF67 /* magnify.mp4 in Resources */ = {isa = PBXBuildFile; fileRef = 20C1223A22254D21004CAF67 /* magnify.mp4 */; };
		20C1224122254D73004CAF67 /* monochrome.mp4 in Resources */ = {isa = PBXBuildFile; fileRef = 20C1224022254D73004CAF67 /* monochrome.mp4 */; };
		20C1224222254D73004CAF67 /* monochrome.mp4 in Resources */ = {isa = PBXBuildFile; fileRef = 20C1224022254D73004CAF67 /* monochrome.mp4 */; };
		20C1224422254D88004CAF67 /* noiseStripes.mp4 in Resources */ = {isa = PBXBuildFile; fileRef = 20C1224322254D88004CAF67 /* noiseStripes.mp4 */; };
		20C1224522254D88004CAF67 /* noiseStripes.mp4 in Resources */ = {isa = PBXBuildFile; fileRef = 20C1224322254D88004CAF67 /* noiseStripes.mp4 */; };
		20C1224722254D9B004CAF67 /* paintbrush.mp4 in Resources */ = {isa = PBXBuildFile; fileRef = 20C1224622254D9B004CAF67 /* paintbrush.mp4 */; };
		20C1224822254D9B004CAF67 /* paintbrush.mp4 in Resources */ = {isa = PBXBuildFile; fileRef = 20C1224622254D9B004CAF67 /* paintbrush.mp4 */; };
		20C1224A22254DB5004CAF67 /* picasso.mp4 in Resources */ = {isa = PBXBuildFile; fileRef = 20C1224922254DB5004CAF67 /* picasso.mp4 */; };
		20C1224B22254DB5004CAF67 /* picasso.mp4 in Resources */ = {isa = PBXBuildFile; fileRef = 20C1224922254DB5004CAF67 /* picasso.mp4 */; };
		20C1224D22254DC9004CAF67 /* playDoh.mp4 in Resources */ = {isa = PBXBuildFile; fileRef = 20C1224C22254DC9004CAF67 /* playDoh.mp4 */; };
		20C1224E22254DC9004CAF67 /* playDoh.mp4 in Resources */ = {isa = PBXBuildFile; fileRef = 20C1224C22254DC9004CAF67 /* playDoh.mp4 */; };
		20C1225022254DDD004CAF67 /* riverNoir.mp4 in Resources */ = {isa = PBXBuildFile; fileRef = 20C1224F22254DDD004CAF67 /* riverNoir.mp4 */; };
		20C1225122254DDD004CAF67 /* riverNoir.mp4 in Resources */ = {isa = PBXBuildFile; fileRef = 20C1224F22254DDD004CAF67 /* riverNoir.mp4 */; };
		20C1225322254DFF004CAF67 /* shards.mp4 in Resources */ = {isa = PBXBuildFile; fileRef = 20C1225222254DFF004CAF67 /* shards.mp4 */; };
		20C1225422254DFF004CAF67 /* shards.mp4 in Resources */ = {isa = PBXBuildFile; fileRef = 20C1225222254DFF004CAF67 /* shards.mp4 */; };
		20C1225622254E1B004CAF67 /* shelves.mp4 in Resources */ = {isa = PBXBuildFile; fileRef = 20C1225522254E1B004CAF67 /* shelves.mp4 */; };
		20C1225722254E1B004CAF67 /* shelves.mp4 in Resources */ = {isa = PBXBuildFile; fileRef = 20C1225522254E1B004CAF67 /* shelves.mp4 */; };
		20C1225F22254E71004CAF67 /* splash.mp4 in Resources */ = {isa = PBXBuildFile; fileRef = 20C1225E22254E71004CAF67 /* splash.mp4 */; };
		20C1226022254E71004CAF67 /* splash.mp4 in Resources */ = {isa = PBXBuildFile; fileRef = 20C1225E22254E71004CAF67 /* splash.mp4 */; };
		20C1226522254E9A004CAF67 /* trapezium.mp4 in Resources */ = {isa = PBXBuildFile; fileRef = 20C1226422254E9A004CAF67 /* trapezium.mp4 */; };
		20C1226622254E9A004CAF67 /* trapezium.mp4 in Resources */ = {isa = PBXBuildFile; fileRef = 20C1226422254E9A004CAF67 /* trapezium.mp4 */; };
		20C1226B22254EC4004CAF67 /* volumetric.mp4 in Resources */ = {isa = PBXBuildFile; fileRef = 20C1226A22254EC3004CAF67 /* volumetric.mp4 */; };
		20C1226C22254EC4004CAF67 /* volumetric.mp4 in Resources */ = {isa = PBXBuildFile; fileRef = 20C1226A22254EC3004CAF67 /* volumetric.mp4 */; };
		20C1226E22254ED7004CAF67 /* waterDrops.mp4 in Resources */ = {isa = PBXBuildFile; fileRef = 20C1226D22254ED7004CAF67 /* waterDrops.mp4 */; };
		20C1226F22254ED7004CAF67 /* waterDrops.mp4 in Resources */ = {isa = PBXBuildFile; fileRef = 20C1226D22254ED7004CAF67 /* waterDrops.mp4 */; };
		20C1227122254EF4004CAF67 /* wet.mp4 in Resources */ = {isa = PBXBuildFile; fileRef = 20C1227022254EF4004CAF67 /* wet.mp4 */; };
		20C1227222254EF4004CAF67 /* wet.mp4 in Resources */ = {isa = PBXBuildFile; fileRef = 20C1227022254EF4004CAF67 /* wet.mp4 */; };
		20C1227422254F04004CAF67 /* yolk.mp4 in Resources */ = {isa = PBXBuildFile; fileRef = 20C1227322254F04004CAF67 /* yolk.mp4 */; };
		20C1227522254F04004CAF67 /* yolk.mp4 in Resources */ = {isa = PBXBuildFile; fileRef = 20C1227322254F04004CAF67 /* yolk.mp4 */; };
		20C1227722254F19004CAF67 /* zebra.mp4 in Resources */ = {isa = PBXBuildFile; fileRef = 20C1227622254F19004CAF67 /* zebra.mp4 */; };
		20C1227822254F19004CAF67 /* zebra.mp4 in Resources */ = {isa = PBXBuildFile; fileRef = 20C1227622254F19004CAF67 /* zebra.mp4 */; };
		20CAF50621891FCE0086AED8 /* BrooklynView.swift in Sources */ = {isa = PBXBuildFile; fileRef = 20CAF50521891FCE0086AED8 /* BrooklynView.swift */; };
		20CC535D222C46AA0011AFA8 /* cursor.mp4 in Resources */ = {isa = PBXBuildFile; fileRef = 20CC535C222C46AA0011AFA8 /* cursor.mp4 */; };
		20CC535E222C46AA0011AFA8 /* cursor.mp4 in Resources */ = {isa = PBXBuildFile; fileRef = 20CC535C222C46AA0011AFA8 /* cursor.mp4 */; };
		4C95DB8B234D5E54000D05FD /* String+Localized.swift in Sources */ = {isa = PBXBuildFile; fileRef = 4C95DB89234D5E53000D05FD /* String+Localized.swift */; };
		4C95DB8E234D5E80000D05FD /* String+Localized.swift in Sources */ = {isa = PBXBuildFile; fileRef = 4C95DB89234D5E53000D05FD /* String+Localized.swift */; };
		4C95DB98234D63FE000D05FD /* Localizable.strings in Resources */ = {isa = PBXBuildFile; fileRef = 4C95DB9B234D63FE000D05FD /* Localizable.strings */; };
		4C95DB99234D63FE000D05FD /* Localizable.strings in Resources */ = {isa = PBXBuildFile; fileRef = 4C95DB9B234D63FE000D05FD /* Localizable.strings */; };
		4C95DB9E234E931A000D05FD /* XIBLocalizable.swift in Sources */ = {isa = PBXBuildFile; fileRef = 4C95DB9D234E931A000D05FD /* XIBLocalizable.swift */; };
		4C95DB9F234E9327000D05FD /* XIBLocalizable.swift in Sources */ = {isa = PBXBuildFile; fileRef = 4C95DB9D234E931A000D05FD /* XIBLocalizable.swift */; };
		5332EB19221F091F00286C65 /* Database.swift in Sources */ = {isa = PBXBuildFile; fileRef = 5332EB18221F091F00286C65 /* Database.swift */; };
		5332EB1A221F095100286C65 /* Database.swift in Sources */ = {isa = PBXBuildFile; fileRef = 5332EB18221F091F00286C65 /* Database.swift */; };
		5334E3E0221EBBA000C3811A /* BrooklynManager.swift in Sources */ = {isa = PBXBuildFile; fileRef = 5334E3DF221EBBA000C3811A /* BrooklynManager.swift */; };
		5334E3E1221EBF2D00C3811A /* BrooklynManager.swift in Sources */ = {isa = PBXBuildFile; fileRef = 5334E3DF221EBBA000C3811A /* BrooklynManager.swift */; };
		53689937221C66BD0071D26F /* Extension.swift in Sources */ = {isa = PBXBuildFile; fileRef = 53689935221C66BD0071D26F /* Extension.swift */; };
		53689939221C66BD0071D26F /* Animation.swift in Sources */ = {isa = PBXBuildFile; fileRef = 53689936221C66BD0071D26F /* Animation.swift */; };
		5368993D221C66C10071D26F /* NSTableView+Dequeue.swift in Sources */ = {isa = PBXBuildFile; fileRef = 5368993C221C66C10071D26F /* NSTableView+Dequeue.swift */; };
		53689948221C66F60071D26F /* PreferencesWindowController.swift in Sources */ = {isa = PBXBuildFile; fileRef = 53689945221C66F60071D26F /* PreferencesWindowController.swift */; };
		5368994E221C68790071D26F /* AVPlayerItem+Init.swift in Sources */ = {isa = PBXBuildFile; fileRef = 5368994D221C68790071D26F /* AVPlayerItem+Init.swift */; };
		53689959221C6DA60071D26F /* AnimationCellView.swift in Sources */ = {isa = PBXBuildFile; fileRef = 53689958221C6DA60071D26F /* AnimationCellView.swift */; };
		53E840DA221D9A8F005FA65E /* Assets.xcassets in Resources */ = {isa = PBXBuildFile; fileRef = 53E840D9221D9A8F005FA65E /* Assets.xcassets */; };
		53E840E5221D9AAB005FA65E /* AppDelegate.swift in Sources */ = {isa = PBXBuildFile; fileRef = 53E840E3221D9AAB005FA65E /* AppDelegate.swift */; };
		53E840E6221D9AAB005FA65E /* MainMenu.xib in Resources */ = {isa = PBXBuildFile; fileRef = 53E840E4221D9AAB005FA65E /* MainMenu.xib */; };
		53E840EA221D9B48005FA65E /* AnimationCellView.swift in Sources */ = {isa = PBXBuildFile; fileRef = 53689958221C6DA60071D26F /* AnimationCellView.swift */; };
		53E840EC221D9B51005FA65E /* Extension.swift in Sources */ = {isa = PBXBuildFile; fileRef = 53689935221C66BD0071D26F /* Extension.swift */; };
		53E840ED221D9B53005FA65E /* Animation.swift in Sources */ = {isa = PBXBuildFile; fileRef = 53689936221C66BD0071D26F /* Animation.swift */; };
		53E840EE221D9B57005FA65E /* NSTableView+Dequeue.swift in Sources */ = {isa = PBXBuildFile; fileRef = 5368993C221C66C10071D26F /* NSTableView+Dequeue.swift */; };
		53E840F0221D9B5D005FA65E /* AVPlayerItem+Init.swift in Sources */ = {isa = PBXBuildFile; fileRef = 5368994D221C68790071D26F /* AVPlayerItem+Init.swift */; };
		53E840F6221D9BA5005FA65E /* cubicMess.mp4 in Resources */ = {isa = PBXBuildFile; fileRef = 53E840F2221D9BA3005FA65E /* cubicMess.mp4 */; };
		53E840F7221D9BA5005FA65E /* cubicMess.mp4 in Resources */ = {isa = PBXBuildFile; fileRef = 53E840F2221D9BA3005FA65E /* cubicMess.mp4 */; };
		53E840F8221D9BA5005FA65E /* runningInGrass.mp4 in Resources */ = {isa = PBXBuildFile; fileRef = 53E840F3221D9BA4005FA65E /* runningInGrass.mp4 */; };
		53E840F9221D9BA5005FA65E /* runningInGrass.mp4 in Resources */ = {isa = PBXBuildFile; fileRef = 53E840F3221D9BA4005FA65E /* runningInGrass.mp4 */; };
		53E840FA221D9BA5005FA65E /* unstablePipes.mp4 in Resources */ = {isa = PBXBuildFile; fileRef = 53E840F4221D9BA5005FA65E /* unstablePipes.mp4 */; };
		53E840FB221D9BA5005FA65E /* unstablePipes.mp4 in Resources */ = {isa = PBXBuildFile; fileRef = 53E840F4221D9BA5005FA65E /* unstablePipes.mp4 */; };
		53E840FC221D9BA5005FA65E /* neon.mp4 in Resources */ = {isa = PBXBuildFile; fileRef = 53E840F5221D9BA5005FA65E /* neon.mp4 */; };
		53E840FD221D9BA5005FA65E /* neon.mp4 in Resources */ = {isa = PBXBuildFile; fileRef = 53E840F5221D9BA5005FA65E /* neon.mp4 */; };
		53E840FF221DA1D1005FA65E /* original.mp4 in Resources */ = {isa = PBXBuildFile; fileRef = 53E840FE221DA1D1005FA65E /* original.mp4 */; };
		53E84100221DA1D1005FA65E /* original.mp4 in Resources */ = {isa = PBXBuildFile; fileRef = 53E840FE221DA1D1005FA65E /* original.mp4 */; };
		53E84109221DA549005FA65E /* NSObject+Identifier.swift in Sources */ = {isa = PBXBuildFile; fileRef = 53E84108221DA549005FA65E /* NSObject+Identifier.swift */; };
		53E8410A221DA549005FA65E /* NSObject+Identifier.swift in Sources */ = {isa = PBXBuildFile; fileRef = 53E84108221DA549005FA65E /* NSObject+Identifier.swift */; };
		5481917678FC42E446563B1E /* Pods_Brooklyn.framework in Frameworks */ = {isa = PBXBuildFile; fileRef = 40228A1B4A3EE1DB8326B0F5 /* Pods_Brooklyn.framework */; };
		D04ECA65234A3DF4008CCDBC /* Localizations.swift in Sources */ = {isa = PBXBuildFile; fileRef = D04ECA64234A3DF4008CCDBC /* Localizations.swift */; };
		D04ECA66234A3EA7008CCDBC /* Localizations.swift in Sources */ = {isa = PBXBuildFile; fileRef = D04ECA64234A3DF4008CCDBC /* Localizations.swift */; };
		DBA5FB9B8E0D76FB2C86EC0B /* Pods_Canvas.framework in Frameworks */ = {isa = PBXBuildFile; fileRef = A525DE564063FDDE23E7AA30 /* Pods_Canvas.framework */; };
/* End PBXBuildFile section */

/* Begin PBXFileReference section */
		1DC3971F1D5DA03253D1C373 /* Pods-Canvas.debug.xcconfig */ = {isa = PBXFileReference; includeInIndex = 1; lastKnownFileType = text.xcconfig; name = "Pods-Canvas.debug.xcconfig"; path = "Target Support Files/Pods-Canvas/Pods-Canvas.debug.xcconfig"; sourceTree = "<group>"; };
		201F4FB622207868007B43FF /* Collection+Index.swift */ = {isa = PBXFileReference; lastKnownFileType = sourcecode.swift; path = "Collection+Index.swift"; sourceTree = "<group>"; };
		2023D4F9222204E6007B6243 /* LoopPlayer.swift */ = {isa = PBXFileReference; lastKnownFileType = sourcecode.swift; path = LoopPlayer.swift; sourceTree = "<group>"; };
		202F52BD2229EC07004FF9CD /* blueSand.mp4 */ = {isa = PBXFileReference; lastKnownFileType = file; path = blueSand.mp4; sourceTree = "<group>"; };
		202F52C02229EC1C004FF9CD /* snakes.mp4 */ = {isa = PBXFileReference; lastKnownFileType = file; path = snakes.mp4; sourceTree = "<group>"; };
		202F52C62229EC5E004FF9CD /* cells.mp4 */ = {isa = PBXFileReference; lastKnownFileType = file; path = cells.mp4; sourceTree = "<group>"; };
		202F52CC2229FC62004FF9CD /* sulleysFur.mp4 */ = {isa = PBXFileReference; lastKnownFileType = file; path = sulleysFur.mp4; sourceTree = "<group>"; };
		202F52D22229FCBA004FF9CD /* cityLife.mp4 */ = {isa = PBXFileReference; lastKnownFileType = file; path = cityLife.mp4; sourceTree = "<group>"; };
		202F52D52229FCE1004FF9CD /* fruitNinja.mp4 */ = {isa = PBXFileReference; lastKnownFileType = file; path = fruitNinja.mp4; sourceTree = "<group>"; };
		202F52D82229FCFD004FF9CD /* goldenBarbs.mp4 */ = {isa = PBXFileReference; lastKnownFileType = file; path = goldenBarbs.mp4; sourceTree = "<group>"; };
		203E6504218C65CD0021F2F2 /* thumbnail.png */ = {isa = PBXFileReference; lastKnownFileType = image.png; path = thumbnail.png; sourceTree = "<group>"; };
		203E6505218C65CD0021F2F2 /* thumbnail@2x.png */ = {isa = PBXFileReference; lastKnownFileType = image.png; path = "thumbnail@2x.png"; sourceTree = "<group>"; };
		204295302228A21600477014 /* watercolors.mp4 */ = {isa = PBXFileReference; lastKnownFileType = file; path = watercolors.mp4; sourceTree = "<group>"; };
		204295332228A23B00477014 /* connectivity.mp4 */ = {isa = PBXFileReference; lastKnownFileType = file; path = connectivity.mp4; sourceTree = "<group>"; };
		206ECE2F22217ECC00971C99 /* Media.xcassets */ = {isa = PBXFileReference; lastKnownFileType = folder.assetcatalog; path = Media.xcassets; sourceTree = "<group>"; };
		206ECE322221869400971C99 /* URLType.swift */ = {isa = PBXFileReference; lastKnownFileType = sourcecode.swift; path = URLType.swift; sourceTree = "<group>"; };
		206ECE3B2221993000971C99 /* DisplayMode.swift */ = {isa = PBXFileReference; lastKnownFileType = sourcecode.swift; path = DisplayMode.swift; sourceTree = "<group>"; };
		20721241222B11690026F1E1 /* soundSpectrum.mp4 */ = {isa = PBXFileReference; lastKnownFileType = file; path = soundSpectrum.mp4; sourceTree = "<group>"; };
		2072124D222B14D90026F1E1 /* fadingPieces.mp4 */ = {isa = PBXFileReference; lastKnownFileType = file; path = fadingPieces.mp4; sourceTree = "<group>"; };
		208BB851222C9D2300C65D5C /* warp.mp4 */ = {isa = PBXFileReference; lastKnownFileType = file; path = warp.mp4; sourceTree = "<group>"; };
		208BB854222CA7DF00C65D5C /* auroraBorealis.mp4 */ = {isa = PBXFileReference; lastKnownFileType = file; path = auroraBorealis.mp4; sourceTree = "<group>"; };
		208BB857222CA83300C65D5C /* sunset.mp4 */ = {isa = PBXFileReference; lastKnownFileType = file; path = sunset.mp4; sourceTree = "<group>"; };
		208BB85A222CAE1400C65D5C /* theRoom.mp4 */ = {isa = PBXFileReference; lastKnownFileType = file; path = theRoom.mp4; sourceTree = "<group>"; };
		208BB85D222CB29A00C65D5C /* crescentMoon.mp4 */ = {isa = PBXFileReference; lastKnownFileType = file; path = crescentMoon.mp4; sourceTree = "<group>"; };
		208BB860222CC35800C65D5C /* cuphead.mp4 */ = {isa = PBXFileReference; lastKnownFileType = file; path = cuphead.mp4; sourceTree = "<group>"; };
		208BB863222D4EDF00C65D5C /* stripes.mp4 */ = {isa = PBXFileReference; lastKnownFileType = file; path = stripes.mp4; sourceTree = "<group>"; };
		208BB866222D515000C65D5C /* nature.mp4 */ = {isa = PBXFileReference; lastKnownFileType = file; path = nature.mp4; sourceTree = "<group>"; };
		208BB869222D52B500C65D5C /* inception.mp4 */ = {isa = PBXFileReference; lastKnownFileType = file; path = inception.mp4; sourceTree = "<group>"; };
		208BB86C222D594B00C65D5C /* tissue.mp4 */ = {isa = PBXFileReference; lastKnownFileType = file; path = tissue.mp4; sourceTree = "<group>"; };
		208BB86F222D84D400C65D5C /* polarPeak.mp4 */ = {isa = PBXFileReference; lastKnownFileType = file; path = polarPeak.mp4; sourceTree = "<group>"; };
		208BB872222D84EE00C65D5C /* sapphire.mp4 */ = {isa = PBXFileReference; lastKnownFileType = file; path = sapphire.mp4; sourceTree = "<group>"; };
		208BB875222D850C00C65D5C /* zelda.mp4 */ = {isa = PBXFileReference; lastKnownFileType = file; path = zelda.mp4; sourceTree = "<group>"; };
		208BB878222D852500C65D5C /* fullMoon.mp4 */ = {isa = PBXFileReference; lastKnownFileType = file; path = fullMoon.mp4; sourceTree = "<group>"; };
		208BB87B222D8A0800C65D5C /* juicy.mp4 */ = {isa = PBXFileReference; lastKnownFileType = file; path = juicy.mp4; sourceTree = "<group>"; };
		208BB87E222D8A9C00C65D5C /* pangea.mp4 */ = {isa = PBXFileReference; lastKnownFileType = file; path = pangea.mp4; sourceTree = "<group>"; };
		208BB881222D9A0000C65D5C /* doodle.mp4 */ = {isa = PBXFileReference; lastKnownFileType = file; path = doodle.mp4; sourceTree = "<group>"; };
		208BB884222D9A1F00C65D5C /* bits.mp4 */ = {isa = PBXFileReference; lastKnownFileType = file; path = bits.mp4; sourceTree = "<group>"; };
		20B669C1221DEE3800645925 /* PreferencesWindowController.xib */ = {isa = PBXFileReference; lastKnownFileType = file.xib; path = PreferencesWindowController.xib; sourceTree = "<group>"; };
		20C1221622254BBC004CAF67 /* avatarTissue.mp4 */ = {isa = PBXFileReference; lastKnownFileType = file; path = avatarTissue.mp4; sourceTree = "<group>"; };
		20C1221922254BDE004CAF67 /* ballPit.mp4 */ = {isa = PBXFileReference; lastKnownFileType = file; path = ballPit.mp4; sourceTree = "<group>"; };
		20C1221C22254C12004CAF67 /* defragmentation.mp4 */ = {isa = PBXFileReference; lastKnownFileType = file; path = defragmentation.mp4; sourceTree = "<group>"; };
		20C1221F22254C37004CAF67 /* fangs.mp4 */ = {isa = PBXFileReference; lastKnownFileType = file; path = fangs.mp4; sourceTree = "<group>"; };
		20C1222222254C58004CAF67 /* geometricShapes.mp4 */ = {isa = PBXFileReference; lastKnownFileType = file; path = geometricShapes.mp4; sourceTree = "<group>"; };
		20C1222522254C70004CAF67 /* glow.mp4 */ = {isa = PBXFileReference; lastKnownFileType = file; path = glow.mp4; sourceTree = "<group>"; };
		20C1222822254C8B004CAF67 /* gummyWorms.mp4 */ = {isa = PBXFileReference; lastKnownFileType = file; path = gummyWorms.mp4; sourceTree = "<group>"; };
		20C1222B22254CA2004CAF67 /* hills.mp4 */ = {isa = PBXFileReference; lastKnownFileType = file; path = hills.mp4; sourceTree = "<group>"; };
		20C1223122254CD9004CAF67 /* layers.mp4 */ = {isa = PBXFileReference; lastKnownFileType = file; path = layers.mp4; sourceTree = "<group>"; };
		20C1223422254CEF004CAF67 /* leaf.mp4 */ = {isa = PBXFileReference; lastKnownFileType = file; path = leaf.mp4; sourceTree = "<group>"; };
		20C1223722254D06004CAF67 /* lines.mp4 */ = {isa = PBXFileReference; lastKnownFileType = file; path = lines.mp4; sourceTree = "<group>"; };
		20C1223A22254D21004CAF67 /* magnify.mp4 */ = {isa = PBXFileReference; lastKnownFileType = file; path = magnify.mp4; sourceTree = "<group>"; };
		20C1224022254D73004CAF67 /* monochrome.mp4 */ = {isa = PBXFileReference; lastKnownFileType = file; path = monochrome.mp4; sourceTree = "<group>"; };
		20C1224322254D88004CAF67 /* noiseStripes.mp4 */ = {isa = PBXFileReference; lastKnownFileType = file; path = noiseStripes.mp4; sourceTree = "<group>"; };
		20C1224622254D9B004CAF67 /* paintbrush.mp4 */ = {isa = PBXFileReference; lastKnownFileType = file; path = paintbrush.mp4; sourceTree = "<group>"; };
		20C1224922254DB5004CAF67 /* picasso.mp4 */ = {isa = PBXFileReference; lastKnownFileType = file; path = picasso.mp4; sourceTree = "<group>"; };
		20C1224C22254DC9004CAF67 /* playDoh.mp4 */ = {isa = PBXFileReference; lastKnownFileType = file; path = playDoh.mp4; sourceTree = "<group>"; };
		20C1224F22254DDD004CAF67 /* riverNoir.mp4 */ = {isa = PBXFileReference; lastKnownFileType = file; path = riverNoir.mp4; sourceTree = "<group>"; };
		20C1225222254DFF004CAF67 /* shards.mp4 */ = {isa = PBXFileReference; lastKnownFileType = file; path = shards.mp4; sourceTree = "<group>"; };
		20C1225522254E1B004CAF67 /* shelves.mp4 */ = {isa = PBXFileReference; lastKnownFileType = file; path = shelves.mp4; sourceTree = "<group>"; };
		20C1225E22254E71004CAF67 /* splash.mp4 */ = {isa = PBXFileReference; lastKnownFileType = file; path = splash.mp4; sourceTree = "<group>"; };
		20C1226422254E9A004CAF67 /* trapezium.mp4 */ = {isa = PBXFileReference; lastKnownFileType = file; path = trapezium.mp4; sourceTree = "<group>"; };
		20C1226A22254EC3004CAF67 /* volumetric.mp4 */ = {isa = PBXFileReference; lastKnownFileType = file; path = volumetric.mp4; sourceTree = "<group>"; };
		20C1226D22254ED7004CAF67 /* waterDrops.mp4 */ = {isa = PBXFileReference; lastKnownFileType = file; path = waterDrops.mp4; sourceTree = "<group>"; };
		20C1227022254EF4004CAF67 /* wet.mp4 */ = {isa = PBXFileReference; lastKnownFileType = file; path = wet.mp4; sourceTree = "<group>"; };
		20C1227322254F04004CAF67 /* yolk.mp4 */ = {isa = PBXFileReference; lastKnownFileType = file; path = yolk.mp4; sourceTree = "<group>"; };
		20C1227622254F19004CAF67 /* zebra.mp4 */ = {isa = PBXFileReference; lastKnownFileType = file; path = zebra.mp4; sourceTree = "<group>"; };
		20CAF50521891FCE0086AED8 /* BrooklynView.swift */ = {isa = PBXFileReference; fileEncoding = 4; lastKnownFileType = sourcecode.swift; path = BrooklynView.swift; sourceTree = "<group>"; };
		20CC535C222C46AA0011AFA8 /* cursor.mp4 */ = {isa = PBXFileReference; lastKnownFileType = file; path = cursor.mp4; sourceTree = "<group>"; };
		218D6EDE20FC3CEB0029D4A9 /* Info.plist */ = {isa = PBXFileReference; fileEncoding = 4; lastKnownFileType = text.plist.xml; path = Info.plist; sourceTree = "<group>"; };
		21F222261B73B5AC00B9A11A /* Brooklyn.saver */ = {isa = PBXFileReference; explicitFileType = wrapper.cfbundle; includeInIndex = 0; path = Brooklyn.saver; sourceTree = BUILT_PRODUCTS_DIR; };
		40228A1B4A3EE1DB8326B0F5 /* Pods_Brooklyn.framework */ = {isa = PBXFileReference; explicitFileType = wrapper.framework; includeInIndex = 0; path = Pods_Brooklyn.framework; sourceTree = BUILT_PRODUCTS_DIR; };
		4C95DB89234D5E53000D05FD /* String+Localized.swift */ = {isa = PBXFileReference; fileEncoding = 4; lastKnownFileType = sourcecode.swift; path = "String+Localized.swift"; sourceTree = "<group>"; };
		4C95DB9A234D63FE000D05FD /* fr */ = {isa = PBXFileReference; lastKnownFileType = text.plist.strings; name = fr; path = fr.lproj/Localizable.strings; sourceTree = "<group>"; };
		4C95DB9C234D67FE000D05FD /* en */ = {isa = PBXFileReference; lastKnownFileType = text.plist.strings; name = en; path = en.lproj/Localizable.strings; sourceTree = "<group>"; };
		4C95DB9D234E931A000D05FD /* XIBLocalizable.swift */ = {isa = PBXFileReference; lastKnownFileType = sourcecode.swift; path = XIBLocalizable.swift; sourceTree = "<group>"; };
		5332EB18221F091F00286C65 /* Database.swift */ = {isa = PBXFileReference; lastKnownFileType = sourcecode.swift; path = Database.swift; sourceTree = "<group>"; };
		5334E3DF221EBBA000C3811A /* BrooklynManager.swift */ = {isa = PBXFileReference; lastKnownFileType = sourcecode.swift; path = BrooklynManager.swift; sourceTree = "<group>"; };
		53689935221C66BD0071D26F /* Extension.swift */ = {isa = PBXFileReference; fileEncoding = 4; lastKnownFileType = sourcecode.swift; path = Extension.swift; sourceTree = "<group>"; };
		53689936221C66BD0071D26F /* Animation.swift */ = {isa = PBXFileReference; fileEncoding = 4; lastKnownFileType = sourcecode.swift; path = Animation.swift; sourceTree = "<group>"; };
		5368993C221C66C10071D26F /* NSTableView+Dequeue.swift */ = {isa = PBXFileReference; fileEncoding = 4; lastKnownFileType = sourcecode.swift; path = "NSTableView+Dequeue.swift"; sourceTree = "<group>"; };
		53689945221C66F60071D26F /* PreferencesWindowController.swift */ = {isa = PBXFileReference; fileEncoding = 4; lastKnownFileType = sourcecode.swift; path = PreferencesWindowController.swift; sourceTree = "<group>"; };
		5368994D221C68790071D26F /* AVPlayerItem+Init.swift */ = {isa = PBXFileReference; lastKnownFileType = sourcecode.swift; path = "AVPlayerItem+Init.swift"; sourceTree = "<group>"; };
		53689958221C6DA60071D26F /* AnimationCellView.swift */ = {isa = PBXFileReference; fileEncoding = 4; lastKnownFileType = sourcecode.swift; path = AnimationCellView.swift; sourceTree = "<group>"; };
		53E840D5221D9A8E005FA65E /* Canvas.app */ = {isa = PBXFileReference; explicitFileType = wrapper.application; includeInIndex = 0; path = Canvas.app; sourceTree = BUILT_PRODUCTS_DIR; };
		53E840D9221D9A8F005FA65E /* Assets.xcassets */ = {isa = PBXFileReference; lastKnownFileType = folder.assetcatalog; path = Assets.xcassets; sourceTree = "<group>"; };
		53E840DE221D9A8F005FA65E /* Info.plist */ = {isa = PBXFileReference; lastKnownFileType = text.plist.xml; path = Info.plist; sourceTree = "<group>"; };
		53E840DF221D9A8F005FA65E /* Canvas.entitlements */ = {isa = PBXFileReference; lastKnownFileType = text.plist.entitlements; path = Canvas.entitlements; sourceTree = "<group>"; };
		53E840E3221D9AAB005FA65E /* AppDelegate.swift */ = {isa = PBXFileReference; fileEncoding = 4; lastKnownFileType = sourcecode.swift; path = AppDelegate.swift; sourceTree = "<group>"; };
		53E840E4221D9AAB005FA65E /* MainMenu.xib */ = {isa = PBXFileReference; fileEncoding = 4; lastKnownFileType = file.xib; path = MainMenu.xib; sourceTree = "<group>"; };
		53E840F2221D9BA3005FA65E /* cubicMess.mp4 */ = {isa = PBXFileReference; lastKnownFileType = file; path = cubicMess.mp4; sourceTree = "<group>"; };
		53E840F3221D9BA4005FA65E /* runningInGrass.mp4 */ = {isa = PBXFileReference; lastKnownFileType = file; path = runningInGrass.mp4; sourceTree = "<group>"; };
		53E840F4221D9BA5005FA65E /* unstablePipes.mp4 */ = {isa = PBXFileReference; lastKnownFileType = file; path = unstablePipes.mp4; sourceTree = "<group>"; };
		53E840F5221D9BA5005FA65E /* neon.mp4 */ = {isa = PBXFileReference; lastKnownFileType = file; path = neon.mp4; sourceTree = "<group>"; };
		53E840FE221DA1D1005FA65E /* original.mp4 */ = {isa = PBXFileReference; lastKnownFileType = file; path = original.mp4; sourceTree = "<group>"; };
		53E84108221DA549005FA65E /* NSObject+Identifier.swift */ = {isa = PBXFileReference; lastKnownFileType = sourcecode.swift; path = "NSObject+Identifier.swift"; sourceTree = "<group>"; };
		7B0DB6FE7EBD8A9124C0788E /* Pods_Canvas.framework */ = {isa = PBXFileReference; explicitFileType = wrapper.framework; includeInIndex = 0; path = Pods_Canvas.framework; sourceTree = BUILT_PRODUCTS_DIR; };
		88D71FE0C21B669417F2CBB5 /* Pods-Brooklyn.debug.xcconfig */ = {isa = PBXFileReference; includeInIndex = 1; lastKnownFileType = text.xcconfig; name = "Pods-Brooklyn.debug.xcconfig"; path = "Target Support Files/Pods-Brooklyn/Pods-Brooklyn.debug.xcconfig"; sourceTree = "<group>"; };
		BB422449547BCE8DFA66ECE0 /* Pods-Canvas.release.xcconfig */ = {isa = PBXFileReference; includeInIndex = 1; lastKnownFileType = text.xcconfig; name = "Pods-Canvas.release.xcconfig"; path = "Target Support Files/Pods-Canvas/Pods-Canvas.release.xcconfig"; sourceTree = "<group>"; };
		C6B8BDB24F26BE9AF47697D4 /* Pods-Brooklyn.release.xcconfig */ = {isa = PBXFileReference; includeInIndex = 1; lastKnownFileType = text.xcconfig; name = "Pods-Brooklyn.release.xcconfig"; path = "Target Support Files/Pods-Brooklyn/Pods-Brooklyn.release.xcconfig"; sourceTree = "<group>"; };
		D04ECA64234A3DF4008CCDBC /* Localizations.swift */ = {isa = PBXFileReference; lastKnownFileType = sourcecode.swift; path = Localizations.swift; sourceTree = "<group>"; };
/* End PBXFileReference section */

/* Begin PBXFrameworksBuildPhase section */
		21F222221B73B5AC00B9A11A /* Frameworks */ = {
			isa = PBXFrameworksBuildPhase;
			buildActionMask = 2147483647;
			files = (
				5481917678FC42E446563B1E /* Pods_Brooklyn.framework in Frameworks */,
			);
			runOnlyForDeploymentPostprocessing = 0;
		};
		53E840D2221D9A8E005FA65E /* Frameworks */ = {
			isa = PBXFrameworksBuildPhase;
			buildActionMask = 2147483647;
			files = (
				044F0F465C1384184822C1BC /* Pods_Canvas.framework in Frameworks */,
			);
			runOnlyForDeploymentPostprocessing = 0;
		};
/* End PBXFrameworksBuildPhase section */

/* Begin PBXGroup section */
		20B669BF221DEE1400645925 /* Screen Saver */ = {
			isa = PBXGroup;
			children = (
				20CAF50521891FCE0086AED8 /* BrooklynView.swift */,
			);
			path = "Screen Saver";
			sourceTree = "<group>";
		};
		20B669C0221DEE2200645925 /* Preferences */ = {
			isa = PBXGroup;
			children = (
				20B669C1221DEE3800645925 /* PreferencesWindowController.xib */,
				53689945221C66F60071D26F /* PreferencesWindowController.swift */,
				53689958221C6DA60071D26F /* AnimationCellView.swift */,
			);
			path = Preferences;
			sourceTree = "<group>";
		};
		20CAF50421891F9E0086AED8 /* Resources */ = {
			isa = PBXGroup;
			children = (
				D04ECA63234A3DD9008CCDBC /* Localization */,
				53E840F1221D9B88005FA65E /* Animations */,
				203E6504218C65CD0021F2F2 /* thumbnail.png */,
				203E6505218C65CD0021F2F2 /* thumbnail@2x.png */,
				206ECE2F22217ECC00971C99 /* Media.xcassets */,
			);
			path = Resources;
			sourceTree = "<group>";
		};
		218D6EDA20FC3CEB0029D4A9 /* Brooklyn */ = {
			isa = PBXGroup;
			children = (
				218D6EDE20FC3CEB0029D4A9 /* Info.plist */,
				53689943221C66E90071D26F /* Contexts */,
				53689934221C66BD0071D26F /* Enumerations */,
				5368993B221C66C10071D26F /* Extensions */,
				20CAF50421891F9E0086AED8 /* Resources */,
			);
			path = Brooklyn;
			sourceTree = "<group>";
		};
		21F2221C1B73B5AC00B9A11A = {
			isa = PBXGroup;
			children = (
				218D6EDA20FC3CEB0029D4A9 /* Brooklyn */,
				53E840D6221D9A8E005FA65E /* Canvas */,
				21F222271B73B5AC00B9A11A /* Products */,
				FFCED7EF035BA26E15E4DF54 /* Pods */,
				2CBBA62DF6C9F5DCA135F648 /* Frameworks */,
			);
			sourceTree = "<group>";
		};
		21F222271B73B5AC00B9A11A /* Products */ = {
			isa = PBXGroup;
			children = (
				21F222261B73B5AC00B9A11A /* Brooklyn.saver */,
				53E840D5221D9A8E005FA65E /* Canvas.app */,
			);
			name = Products;
			sourceTree = "<group>";
		};
		2CBBA62DF6C9F5DCA135F648 /* Frameworks */ = {
			isa = PBXGroup;
			children = (
				40228A1B4A3EE1DB8326B0F5 /* Pods_Brooklyn.framework */,
				7B0DB6FE7EBD8A9124C0788E /* Pods_Canvas.framework */,
			);
			name = Frameworks;
			sourceTree = "<group>";
		};
		53689934221C66BD0071D26F /* Enumerations */ = {
			isa = PBXGroup;
			children = (
				53689936221C66BD0071D26F /* Animation.swift */,
				53689935221C66BD0071D26F /* Extension.swift */,
				206ECE322221869400971C99 /* URLType.swift */,
				206ECE3B2221993000971C99 /* DisplayMode.swift */,
			);
			path = Enumerations;
			sourceTree = "<group>";
		};
		5368993B221C66C10071D26F /* Extensions */ = {
			isa = PBXGroup;
			children = (
				5368994D221C68790071D26F /* AVPlayerItem+Init.swift */,
				201F4FB622207868007B43FF /* Collection+Index.swift */,
				53E84108221DA549005FA65E /* NSObject+Identifier.swift */,
				5368993C221C66C10071D26F /* NSTableView+Dequeue.swift */,
				4C95DB89234D5E53000D05FD /* String+Localized.swift */,
				4C95DB9D234E931A000D05FD /* XIBLocalizable.swift */,
			);
			path = Extensions;
			sourceTree = "<group>";
		};
		53689943221C66E90071D26F /* Contexts */ = {
			isa = PBXGroup;
			children = (
				5334E3DF221EBBA000C3811A /* BrooklynManager.swift */,
				5332EB18221F091F00286C65 /* Database.swift */,
				2023D4F9222204E6007B6243 /* LoopPlayer.swift */,
				20B669C0221DEE2200645925 /* Preferences */,
				20B669BF221DEE1400645925 /* Screen Saver */,
			);
			path = Contexts;
			sourceTree = "<group>";
		};
		53E840D6221D9A8E005FA65E /* Canvas */ = {
			isa = PBXGroup;
			children = (
				53E840E3221D9AAB005FA65E /* AppDelegate.swift */,
				53E840E4221D9AAB005FA65E /* MainMenu.xib */,
				53E840D9221D9A8F005FA65E /* Assets.xcassets */,
				53E840DE221D9A8F005FA65E /* Info.plist */,
				53E840DF221D9A8F005FA65E /* Canvas.entitlements */,
			);
			path = Canvas;
			sourceTree = "<group>";
		};
		53E840F1221D9B88005FA65E /* Animations */ = {
			isa = PBXGroup;
			children = (
				208BB854222CA7DF00C65D5C /* auroraBorealis.mp4 */,
				20C1221622254BBC004CAF67 /* avatarTissue.mp4 */,
				20C1221922254BDE004CAF67 /* ballPit.mp4 */,
				202F52BD2229EC07004FF9CD /* blueSand.mp4 */,
				208BB884222D9A1F00C65D5C /* bits.mp4 */,
				202F52C62229EC5E004FF9CD /* cells.mp4 */,
				202F52D22229FCBA004FF9CD /* cityLife.mp4 */,
				208BB866222D515000C65D5C /* nature.mp4 */,
				208BB881222D9A0000C65D5C /* doodle.mp4 */,
				204295332228A23B00477014 /* connectivity.mp4 */,
				208BB85D222CB29A00C65D5C /* crescentMoon.mp4 */,
				53E840F2221D9BA3005FA65E /* cubicMess.mp4 */,
				208BB860222CC35800C65D5C /* cuphead.mp4 */,
				20CC535C222C46AA0011AFA8 /* cursor.mp4 */,
				20C1221C22254C12004CAF67 /* defragmentation.mp4 */,
				2072124D222B14D90026F1E1 /* fadingPieces.mp4 */,
				20C1221F22254C37004CAF67 /* fangs.mp4 */,
				202F52D52229FCE1004FF9CD /* fruitNinja.mp4 */,
				20C1222222254C58004CAF67 /* geometricShapes.mp4 */,
				20C1222522254C70004CAF67 /* glow.mp4 */,
				202F52D82229FCFD004FF9CD /* goldenBarbs.mp4 */,
				20C1222822254C8B004CAF67 /* gummyWorms.mp4 */,
				20C1222B22254CA2004CAF67 /* hills.mp4 */,
				20C1223122254CD9004CAF67 /* layers.mp4 */,
				20C1223422254CEF004CAF67 /* leaf.mp4 */,
				20C1223722254D06004CAF67 /* lines.mp4 */,
				20C1223A22254D21004CAF67 /* magnify.mp4 */,
				20C1224022254D73004CAF67 /* monochrome.mp4 */,
				53E840F5221D9BA5005FA65E /* neon.mp4 */,
				20C1224322254D88004CAF67 /* noiseStripes.mp4 */,
				53E840FE221DA1D1005FA65E /* original.mp4 */,
				20C1224622254D9B004CAF67 /* paintbrush.mp4 */,
				208BB87B222D8A0800C65D5C /* juicy.mp4 */,
				208BB86C222D594B00C65D5C /* tissue.mp4 */,
				20C1224922254DB5004CAF67 /* picasso.mp4 */,
				208BB872222D84EE00C65D5C /* sapphire.mp4 */,
				208BB86F222D84D400C65D5C /* polarPeak.mp4 */,
				208BB878222D852500C65D5C /* fullMoon.mp4 */,
				208BB87E222D8A9C00C65D5C /* pangea.mp4 */,
				20C1224C22254DC9004CAF67 /* playDoh.mp4 */,
				20C1224F22254DDD004CAF67 /* riverNoir.mp4 */,
				53E840F3221D9BA4005FA65E /* runningInGrass.mp4 */,
				20C1225222254DFF004CAF67 /* shards.mp4 */,
				208BB875222D850C00C65D5C /* zelda.mp4 */,
				208BB869222D52B500C65D5C /* inception.mp4 */,
				20C1225522254E1B004CAF67 /* shelves.mp4 */,
				202F52C02229EC1C004FF9CD /* snakes.mp4 */,
				20721241222B11690026F1E1 /* soundSpectrum.mp4 */,
				20C1225E22254E71004CAF67 /* splash.mp4 */,
				208BB863222D4EDF00C65D5C /* stripes.mp4 */,
				202F52CC2229FC62004FF9CD /* sulleysFur.mp4 */,
				208BB857222CA83300C65D5C /* sunset.mp4 */,
				208BB85A222CAE1400C65D5C /* theRoom.mp4 */,
				20C1226422254E9A004CAF67 /* trapezium.mp4 */,
				53E840F4221D9BA5005FA65E /* unstablePipes.mp4 */,
				20C1226A22254EC3004CAF67 /* volumetric.mp4 */,
				208BB851222C9D2300C65D5C /* warp.mp4 */,
				204295302228A21600477014 /* watercolors.mp4 */,
				20C1226D22254ED7004CAF67 /* waterDrops.mp4 */,
				20C1227022254EF4004CAF67 /* wet.mp4 */,
				20C1227322254F04004CAF67 /* yolk.mp4 */,
				20C1227622254F19004CAF67 /* zebra.mp4 */,
			);
			path = Animations;
			sourceTree = "<group>";
		};
		A26720847AA868DC8E42874E /* Frameworks */ = {
			isa = PBXGroup;
			children = (
				C09883C2E987A9BB658CBB99 /* Pods_Brooklyn.framework */,
				A525DE564063FDDE23E7AA30 /* Pods_Canvas.framework */,
			);
			name = Frameworks;
			sourceTree = "<group>";
		};
		C17E1BAAC4138E1773C20E90 /* Pods */ = {
			isa = PBXGroup;
			children = (
				4B424B7E4BD38103976A6DD0 /* Pods-Brooklyn.debug.xcconfig */,
				23322EC78C1EA447776C298A /* Pods-Brooklyn.release.xcconfig */,
				5EC55D97E313957A8045E42C /* Pods-Canvas.debug.xcconfig */,
				8EDCBD2B52FD6B686EE5D6C1 /* Pods-Canvas.release.xcconfig */,
			);
			name = Pods;
			path = Pods;
			sourceTree = "<group>";
		};
		D04ECA63234A3DD9008CCDBC /* Localization */ = {
			isa = PBXGroup;
			children = (
				D04ECA64234A3DF4008CCDBC /* Localizations.swift */,
				4C95DB9B234D63FE000D05FD /* Localizable.strings */,
			);
			path = Localization;
			sourceTree = "<group>";
		};
		FFCED7EF035BA26E15E4DF54 /* Pods */ = {
			isa = PBXGroup;
			children = (
				88D71FE0C21B669417F2CBB5 /* Pods-Brooklyn.debug.xcconfig */,
				C6B8BDB24F26BE9AF47697D4 /* Pods-Brooklyn.release.xcconfig */,
				1DC3971F1D5DA03253D1C373 /* Pods-Canvas.debug.xcconfig */,
				BB422449547BCE8DFA66ECE0 /* Pods-Canvas.release.xcconfig */,
			);
			name = Pods;
			path = Pods;
			sourceTree = "<group>";
		};
/* End PBXGroup section */

/* Begin PBXHeadersBuildPhase section */
		21F222231B73B5AC00B9A11A /* Headers */ = {
			isa = PBXHeadersBuildPhase;
			buildActionMask = 2147483647;
			files = (
			);
			runOnlyForDeploymentPostprocessing = 0;
		};
/* End PBXHeadersBuildPhase section */

/* Begin PBXNativeTarget section */
		21F222251B73B5AC00B9A11A /* Brooklyn */ = {
			isa = PBXNativeTarget;
			buildConfigurationList = 21F222311B73B5AC00B9A11A /* Build configuration list for PBXNativeTarget "Brooklyn" */;
			buildPhases = (
				08EA4B66591174F7752246DF /* [CP] Check Pods Manifest.lock */,
				21F222211B73B5AC00B9A11A /* Sources */,
				21F222221B73B5AC00B9A11A /* Frameworks */,
				21F222231B73B5AC00B9A11A /* Headers */,
				21F222241B73B5AC00B9A11A /* Resources */,
			);
			buildRules = (
			);
			dependencies = (
			);
			name = Brooklyn;
			productName = MinimalClock;
			productReference = 21F222261B73B5AC00B9A11A /* Brooklyn.saver */;
			productType = "com.apple.product-type.bundle";
		};
		53E840D4221D9A8E005FA65E /* Canvas */ = {
			isa = PBXNativeTarget;
			buildConfigurationList = 53E840E0221D9A8F005FA65E /* Build configuration list for PBXNativeTarget "Canvas" */;
			buildPhases = (
				F6DA5F5CBC7C1803AD3F7D80 /* [CP] Check Pods Manifest.lock */,
				53E840D1221D9A8E005FA65E /* Sources */,
				53E840D2221D9A8E005FA65E /* Frameworks */,
				53E840D3221D9A8E005FA65E /* Resources */,
				4AAAD171711DEAC756B10D1F /* [CP] Embed Pods Frameworks */,
			);
			buildRules = (
			);
			dependencies = (
			);
			name = Canvas;
			productName = Canvas;
			productReference = 53E840D5221D9A8E005FA65E /* Canvas.app */;
			productType = "com.apple.product-type.application";
		};
/* End PBXNativeTarget section */

/* Begin PBXProject section */
		21F2221D1B73B5AC00B9A11A /* Project object */ = {
			isa = PBXProject;
			attributes = {
				LastSwiftUpdateCheck = 1010;
				LastUpgradeCheck = 1000;
				ORGANIZATIONNAME = "Pedro Carrasco";
				TargetAttributes = {
					21F222251B73B5AC00B9A11A = {
						CreatedOnToolsVersion = 6.4;
					};
					53E840D4221D9A8E005FA65E = {
						CreatedOnToolsVersion = 10.1;
						LastSwiftMigration = 1010;
					};
				};
			};
			buildConfigurationList = 21F222201B73B5AC00B9A11A /* Build configuration list for PBXProject "Brooklyn" */;
			compatibilityVersion = "Xcode 10.0";
			developmentRegion = English;
			hasScannedForEncodings = 0;
			knownRegions = (
				English,
				en,
				Base,
				fr,
			);
			mainGroup = 21F2221C1B73B5AC00B9A11A;
			productRefGroup = 21F222271B73B5AC00B9A11A /* Products */;
			projectDirPath = "";
			projectRoot = "";
			targets = (
				21F222251B73B5AC00B9A11A /* Brooklyn */,
				53E840D4221D9A8E005FA65E /* Canvas */,
			);
		};
/* End PBXProject section */

/* Begin PBXResourcesBuildPhase section */
		21F222241B73B5AC00B9A11A /* Resources */ = {
			isa = PBXResourcesBuildPhase;
			buildActionMask = 2147483647;
			files = (
				20C1225322254DFF004CAF67 /* shards.mp4 in Resources */,
				202F52D62229FCE1004FF9CD /* fruitNinja.mp4 in Resources */,
				20C1222C22254CA2004CAF67 /* hills.mp4 in Resources */,
				53E840FC221D9BA5005FA65E /* neon.mp4 in Resources */,
				203E6506218C65CD0021F2F2 /* thumbnail.png in Resources */,
				20C1225022254DDD004CAF67 /* riverNoir.mp4 in Resources */,
				20C1227122254EF4004CAF67 /* wet.mp4 in Resources */,
				208BB873222D84EE00C65D5C /* sapphire.mp4 in Resources */,
				208BB852222C9D2300C65D5C /* warp.mp4 in Resources */,
				208BB87C222D8A0800C65D5C /* juicy.mp4 in Resources */,
				202F52D32229FCBA004FF9CD /* cityLife.mp4 in Resources */,
				20C1223522254CEF004CAF67 /* leaf.mp4 in Resources */,
				20C1221D22254C12004CAF67 /* defragmentation.mp4 in Resources */,
				208BB885222D9A1F00C65D5C /* bits.mp4 in Resources */,
				208BB870222D84D400C65D5C /* polarPeak.mp4 in Resources */,
				20721242222B11690026F1E1 /* soundSpectrum.mp4 in Resources */,
				20C1225F22254E71004CAF67 /* splash.mp4 in Resources */,
				2072124E222B14D90026F1E1 /* fadingPieces.mp4 in Resources */,
				203E6507218C65CD0021F2F2 /* thumbnail@2x.png in Resources */,
				208BB855222CA7E000C65D5C /* auroraBorealis.mp4 in Resources */,
				202F52C12229EC1C004FF9CD /* snakes.mp4 in Resources */,
				208BB86D222D594C00C65D5C /* tissue.mp4 in Resources */,
				208BB858222CA83300C65D5C /* sunset.mp4 in Resources */,
				20C1222922254C8B004CAF67 /* gummyWorms.mp4 in Resources */,
				208BB879222D852500C65D5C /* fullMoon.mp4 in Resources */,
				208BB864222D4EE000C65D5C /* stripes.mp4 in Resources */,
				20C1221722254BBC004CAF67 /* avatarTissue.mp4 in Resources */,
				20C1222322254C58004CAF67 /* geometricShapes.mp4 in Resources */,
				208BB85B222CAE1500C65D5C /* theRoom.mp4 in Resources */,
				53E840F6221D9BA5005FA65E /* cubicMess.mp4 in Resources */,
				20C1222022254C37004CAF67 /* fangs.mp4 in Resources */,
				20C1224D22254DC9004CAF67 /* playDoh.mp4 in Resources */,
				20C1221A22254BDE004CAF67 /* ballPit.mp4 in Resources */,
				20C1224122254D73004CAF67 /* monochrome.mp4 in Resources */,
				208BB861222CC35800C65D5C /* cuphead.mp4 in Resources */,
				208BB876222D850C00C65D5C /* zelda.mp4 in Resources */,
				20C1227422254F04004CAF67 /* yolk.mp4 in Resources */,
				20C1225622254E1B004CAF67 /* shelves.mp4 in Resources */,
				20C1224A22254DB5004CAF67 /* picasso.mp4 in Resources */,
				204295342228A23B00477014 /* connectivity.mp4 in Resources */,
				208BB87F222D8A9C00C65D5C /* pangea.mp4 in Resources */,
				20B669C2221DEE3800645925 /* PreferencesWindowController.xib in Resources */,
				53E840FA221D9BA5005FA65E /* unstablePipes.mp4 in Resources */,
				208BB86A222D52B500C65D5C /* inception.mp4 in Resources */,
				208BB85E222CB29B00C65D5C /* crescentMoon.mp4 in Resources */,
				20C1223222254CD9004CAF67 /* layers.mp4 in Resources */,
				202F52D92229FCFD004FF9CD /* goldenBarbs.mp4 in Resources */,
				20C1224722254D9B004CAF67 /* paintbrush.mp4 in Resources */,
				53E840F8221D9BA5005FA65E /* runningInGrass.mp4 in Resources */,
				206ECE3022217ECC00971C99 /* Media.xcassets in Resources */,
				204295312228A21600477014 /* watercolors.mp4 in Resources */,
				20C1223B22254D21004CAF67 /* magnify.mp4 in Resources */,
				20C1226E22254ED7004CAF67 /* waterDrops.mp4 in Resources */,
				202F52BE2229EC07004FF9CD /* blueSand.mp4 in Resources */,
				20C1226522254E9A004CAF67 /* trapezium.mp4 in Resources */,
				4C95DB98234D63FE000D05FD /* Localizable.strings in Resources */,
				20CC535D222C46AA0011AFA8 /* cursor.mp4 in Resources */,
				20C1222622254C70004CAF67 /* glow.mp4 in Resources */,
				208BB882222D9A0000C65D5C /* doodle.mp4 in Resources */,
				20C1224422254D88004CAF67 /* noiseStripes.mp4 in Resources */,
				202F52C72229EC5E004FF9CD /* cells.mp4 in Resources */,
				53E840FF221DA1D1005FA65E /* original.mp4 in Resources */,
				20C1226B22254EC4004CAF67 /* volumetric.mp4 in Resources */,
				208BB867222D515000C65D5C /* nature.mp4 in Resources */,
				20C1227722254F19004CAF67 /* zebra.mp4 in Resources */,
				20C1223822254D06004CAF67 /* lines.mp4 in Resources */,
				202F52CD2229FC62004FF9CD /* sulleysFur.mp4 in Resources */,
			);
			runOnlyForDeploymentPostprocessing = 0;
		};
		53E840D3221D9A8E005FA65E /* Resources */ = {
			isa = PBXResourcesBuildPhase;
			buildActionMask = 2147483647;
			files = (
				20C1225422254DFF004CAF67 /* shards.mp4 in Resources */,
				202F52D72229FCE1004FF9CD /* fruitNinja.mp4 in Resources */,
				20C1222D22254CA2004CAF67 /* hills.mp4 in Resources */,
				53E840FD221D9BA5005FA65E /* neon.mp4 in Resources */,
				53E840DA221D9A8F005FA65E /* Assets.xcassets in Resources */,
				20C1225122254DDD004CAF67 /* riverNoir.mp4 in Resources */,
				20C1227222254EF4004CAF67 /* wet.mp4 in Resources */,
				208BB874222D84EE00C65D5C /* sapphire.mp4 in Resources */,
				208BB853222C9D2300C65D5C /* warp.mp4 in Resources */,
				208BB87D222D8A0800C65D5C /* juicy.mp4 in Resources */,
				202F52D42229FCBA004FF9CD /* cityLife.mp4 in Resources */,
				20C1223622254CEF004CAF67 /* leaf.mp4 in Resources */,
				20C1221E22254C12004CAF67 /* defragmentation.mp4 in Resources */,
				208BB886222D9A1F00C65D5C /* bits.mp4 in Resources */,
				208BB871222D84D400C65D5C /* polarPeak.mp4 in Resources */,
				20721243222B11690026F1E1 /* soundSpectrum.mp4 in Resources */,
				20C1226022254E71004CAF67 /* splash.mp4 in Resources */,
				2072124F222B14D90026F1E1 /* fadingPieces.mp4 in Resources */,
				53E840E6221D9AAB005FA65E /* MainMenu.xib in Resources */,
				208BB856222CA7E000C65D5C /* auroraBorealis.mp4 in Resources */,
				202F52C22229EC1C004FF9CD /* snakes.mp4 in Resources */,
				208BB86E222D594C00C65D5C /* tissue.mp4 in Resources */,
				208BB859222CA83300C65D5C /* sunset.mp4 in Resources */,
				20C1222A22254C8B004CAF67 /* gummyWorms.mp4 in Resources */,
				208BB87A222D852500C65D5C /* fullMoon.mp4 in Resources */,
				208BB865222D4EE000C65D5C /* stripes.mp4 in Resources */,
				20C1221822254BBC004CAF67 /* avatarTissue.mp4 in Resources */,
				20C1222422254C58004CAF67 /* geometricShapes.mp4 in Resources */,
				208BB85C222CAE1500C65D5C /* theRoom.mp4 in Resources */,
				53E840F7221D9BA5005FA65E /* cubicMess.mp4 in Resources */,
				20C1222122254C37004CAF67 /* fangs.mp4 in Resources */,
				20C1224E22254DC9004CAF67 /* playDoh.mp4 in Resources */,
				20C1221B22254BDE004CAF67 /* ballPit.mp4 in Resources */,
				20C1224222254D73004CAF67 /* monochrome.mp4 in Resources */,
				208BB862222CC35800C65D5C /* cuphead.mp4 in Resources */,
				208BB877222D850C00C65D5C /* zelda.mp4 in Resources */,
				20C1227522254F04004CAF67 /* yolk.mp4 in Resources */,
				20C1225722254E1B004CAF67 /* shelves.mp4 in Resources */,
				20C1224B22254DB5004CAF67 /* picasso.mp4 in Resources */,
				204295352228A23B00477014 /* connectivity.mp4 in Resources */,
				208BB880222D8A9C00C65D5C /* pangea.mp4 in Resources */,
				20B669C3221DEFDB00645925 /* PreferencesWindowController.xib in Resources */,
				53E840FB221D9BA5005FA65E /* unstablePipes.mp4 in Resources */,
				208BB86B222D52B500C65D5C /* inception.mp4 in Resources */,
				208BB85F222CB29B00C65D5C /* crescentMoon.mp4 in Resources */,
				20C1223322254CD9004CAF67 /* layers.mp4 in Resources */,
				202F52DA2229FCFD004FF9CD /* goldenBarbs.mp4 in Resources */,
				20C1224822254D9B004CAF67 /* paintbrush.mp4 in Resources */,
				53E840F9221D9BA5005FA65E /* runningInGrass.mp4 in Resources */,
				206ECE312221827400971C99 /* Media.xcassets in Resources */,
				204295322228A21600477014 /* watercolors.mp4 in Resources */,
				20C1223C22254D21004CAF67 /* magnify.mp4 in Resources */,
				20C1226F22254ED7004CAF67 /* waterDrops.mp4 in Resources */,
				202F52BF2229EC07004FF9CD /* blueSand.mp4 in Resources */,
				20C1226622254E9A004CAF67 /* trapezium.mp4 in Resources */,
				4C95DB99234D63FE000D05FD /* Localizable.strings in Resources */,
				20CC535E222C46AA0011AFA8 /* cursor.mp4 in Resources */,
				20C1222722254C70004CAF67 /* glow.mp4 in Resources */,
				208BB883222D9A0000C65D5C /* doodle.mp4 in Resources */,
				20C1224522254D88004CAF67 /* noiseStripes.mp4 in Resources */,
				202F52C82229EC5E004FF9CD /* cells.mp4 in Resources */,
				53E84100221DA1D1005FA65E /* original.mp4 in Resources */,
				20C1226C22254EC4004CAF67 /* volumetric.mp4 in Resources */,
				208BB868222D515000C65D5C /* nature.mp4 in Resources */,
				20C1227822254F19004CAF67 /* zebra.mp4 in Resources */,
				20C1223922254D06004CAF67 /* lines.mp4 in Resources */,
				202F52CE2229FC62004FF9CD /* sulleysFur.mp4 in Resources */,
			);
			runOnlyForDeploymentPostprocessing = 0;
		};
/* End PBXResourcesBuildPhase section */

/* Begin PBXShellScriptBuildPhase section */
		08EA4B66591174F7752246DF /* [CP] Check Pods Manifest.lock */ = {
			isa = PBXShellScriptBuildPhase;
			buildActionMask = 2147483647;
			files = (
			);
			inputFileListPaths = (
			);
			inputPaths = (
				"${PODS_PODFILE_DIR_PATH}/Podfile.lock",
				"${PODS_ROOT}/Manifest.lock",
			);
			name = "[CP] Check Pods Manifest.lock";
			outputFileListPaths = (
			);
			outputPaths = (
				"$(DERIVED_FILE_DIR)/Pods-Brooklyn-checkManifestLockResult.txt",
			);
			runOnlyForDeploymentPostprocessing = 0;
			shellPath = /bin/sh;
			shellScript = "diff \"${PODS_PODFILE_DIR_PATH}/Podfile.lock\" \"${PODS_ROOT}/Manifest.lock\" > /dev/null\nif [ $? != 0 ] ; then\n    # print error to STDERR\n    echo \"error: The sandbox is not in sync with the Podfile.lock. Run 'pod install' or update your CocoaPods installation.\" >&2\n    exit 1\nfi\n# This output is used by Xcode 'outputs' to avoid re-running this script phase.\necho \"SUCCESS\" > \"${SCRIPT_OUTPUT_FILE_0}\"\n";
			showEnvVarsInLog = 0;
		};
		4AAAD171711DEAC756B10D1F /* [CP] Embed Pods Frameworks */ = {
			isa = PBXShellScriptBuildPhase;
			buildActionMask = 2147483647;
			files = (
			);
			inputFileListPaths = (
				"${PODS_ROOT}/Target Support Files/Pods-Canvas/Pods-Canvas-frameworks-${CONFIGURATION}-input-files.xcfilelist",
			);
			name = "[CP] Embed Pods Frameworks";
			outputFileListPaths = (
				"${PODS_ROOT}/Target Support Files/Pods-Canvas/Pods-Canvas-frameworks-${CONFIGURATION}-output-files.xcfilelist",
			);
			runOnlyForDeploymentPostprocessing = 0;
			shellPath = /bin/sh;
			shellScript = "\"${PODS_ROOT}/Target Support Files/Pods-Canvas/Pods-Canvas-frameworks.sh\"\n";
			showEnvVarsInLog = 0;
		};
		F6DA5F5CBC7C1803AD3F7D80 /* [CP] Check Pods Manifest.lock */ = {
			isa = PBXShellScriptBuildPhase;
			buildActionMask = 2147483647;
			files = (
			);
			inputFileListPaths = (
			);
			inputPaths = (
				"${PODS_PODFILE_DIR_PATH}/Podfile.lock",
				"${PODS_ROOT}/Manifest.lock",
			);
			name = "[CP] Check Pods Manifest.lock";
			outputFileListPaths = (
			);
			outputPaths = (
				"$(DERIVED_FILE_DIR)/Pods-Canvas-checkManifestLockResult.txt",
			);
			runOnlyForDeploymentPostprocessing = 0;
			shellPath = /bin/sh;
			shellScript = "diff \"${PODS_PODFILE_DIR_PATH}/Podfile.lock\" \"${PODS_ROOT}/Manifest.lock\" > /dev/null\nif [ $? != 0 ] ; then\n    # print error to STDERR\n    echo \"error: The sandbox is not in sync with the Podfile.lock. Run 'pod install' or update your CocoaPods installation.\" >&2\n    exit 1\nfi\n# This output is used by Xcode 'outputs' to avoid re-running this script phase.\necho \"SUCCESS\" > \"${SCRIPT_OUTPUT_FILE_0}\"\n";
			showEnvVarsInLog = 0;
		};
/* End PBXShellScriptBuildPhase section */

/* Begin PBXSourcesBuildPhase section */
		21F222211B73B5AC00B9A11A /* Sources */ = {
			isa = PBXSourcesBuildPhase;
			buildActionMask = 2147483647;
			files = (
				53689948221C66F60071D26F /* PreferencesWindowController.swift in Sources */,
				20CAF50621891FCE0086AED8 /* BrooklynView.swift in Sources */,
				5368993D221C66C10071D26F /* NSTableView+Dequeue.swift in Sources */,
				206ECE332221869400971C99 /* URLType.swift in Sources */,
				2023D4FA222204E6007B6243 /* LoopPlayer.swift in Sources */,
				D04ECA65234A3DF4008CCDBC /* Localizations.swift in Sources */,
				201F4FB722207868007B43FF /* Collection+Index.swift in Sources */,
				53689959221C6DA60071D26F /* AnimationCellView.swift in Sources */,
				206ECE3C2221993000971C99 /* DisplayMode.swift in Sources */,
				4C95DB9E234E931A000D05FD /* XIBLocalizable.swift in Sources */,
				53689939221C66BD0071D26F /* Animation.swift in Sources */,
				4C95DB8B234D5E54000D05FD /* String+Localized.swift in Sources */,
				5368994E221C68790071D26F /* AVPlayerItem+Init.swift in Sources */,
				5332EB19221F091F00286C65 /* Database.swift in Sources */,
				53689937221C66BD0071D26F /* Extension.swift in Sources */,
				5334E3E0221EBBA000C3811A /* BrooklynManager.swift in Sources */,
				53E84109221DA549005FA65E /* NSObject+Identifier.swift in Sources */,
			);
			runOnlyForDeploymentPostprocessing = 0;
		};
		53E840D1221D9A8E005FA65E /* Sources */ = {
			isa = PBXSourcesBuildPhase;
			buildActionMask = 2147483647;
			files = (
				53E840F0221D9B5D005FA65E /* AVPlayerItem+Init.swift in Sources */,
				53E840EE221D9B57005FA65E /* NSTableView+Dequeue.swift in Sources */,
				2023D4FB222205B0007B6243 /* LoopPlayer.swift in Sources */,
				20B669C4221DEFDE00645925 /* PreferencesWindowController.swift in Sources */,
				206ECE342221879200971C99 /* URLType.swift in Sources */,
				D04ECA66234A3EA7008CCDBC /* Localizations.swift in Sources */,
				53E840EA221D9B48005FA65E /* AnimationCellView.swift in Sources */,
				206ECE3D2221993000971C99 /* DisplayMode.swift in Sources */,
				53E840E5221D9AAB005FA65E /* AppDelegate.swift in Sources */,
				4C95DB9F234E9327000D05FD /* XIBLocalizable.swift in Sources */,
				5332EB1A221F095100286C65 /* Database.swift in Sources */,
				4C95DB8E234D5E80000D05FD /* String+Localized.swift in Sources */,
				201F4FB8222078B6007B43FF /* Collection+Index.swift in Sources */,
				53E840EC221D9B51005FA65E /* Extension.swift in Sources */,
				53E840ED221D9B53005FA65E /* Animation.swift in Sources */,
				5334E3E1221EBF2D00C3811A /* BrooklynManager.swift in Sources */,
				53E8410A221DA549005FA65E /* NSObject+Identifier.swift in Sources */,
			);
			runOnlyForDeploymentPostprocessing = 0;
		};
/* End PBXSourcesBuildPhase section */

/* Begin PBXVariantGroup section */
		4C95DB9B234D63FE000D05FD /* Localizable.strings */ = {
			isa = PBXVariantGroup;
			children = (
				4C95DB9A234D63FE000D05FD /* fr */,
				4C95DB9C234D67FE000D05FD /* en */,
			);
			name = Localizable.strings;
			sourceTree = "<group>";
		};
/* End PBXVariantGroup section */

/* Begin XCBuildConfiguration section */
		21F2222F1B73B5AC00B9A11A /* Debug */ = {
			isa = XCBuildConfiguration;
			buildSettings = {
				ALWAYS_SEARCH_USER_PATHS = NO;
				CLANG_CXX_LANGUAGE_STANDARD = "gnu++0x";
				CLANG_CXX_LIBRARY = "libc++";
				CLANG_ENABLE_MODULES = YES;
				CLANG_ENABLE_OBJC_ARC = YES;
				CLANG_WARN_BLOCK_CAPTURE_AUTORELEASING = YES;
				CLANG_WARN_BOOL_CONVERSION = YES;
				CLANG_WARN_COMMA = YES;
				CLANG_WARN_CONSTANT_CONVERSION = YES;
				CLANG_WARN_DEPRECATED_OBJC_IMPLEMENTATIONS = YES;
				CLANG_WARN_DIRECT_OBJC_ISA_USAGE = YES_ERROR;
				CLANG_WARN_EMPTY_BODY = YES;
				CLANG_WARN_ENUM_CONVERSION = YES;
				CLANG_WARN_INFINITE_RECURSION = YES;
				CLANG_WARN_INT_CONVERSION = YES;
				CLANG_WARN_NON_LITERAL_NULL_CONVERSION = YES;
				CLANG_WARN_OBJC_IMPLICIT_RETAIN_SELF = YES;
				CLANG_WARN_OBJC_LITERAL_CONVERSION = YES;
				CLANG_WARN_OBJC_ROOT_CLASS = YES_ERROR;
				CLANG_WARN_RANGE_LOOP_ANALYSIS = YES;
				CLANG_WARN_STRICT_PROTOTYPES = YES;
				CLANG_WARN_SUSPICIOUS_MOVE = YES;
				CLANG_WARN_UNREACHABLE_CODE = YES;
				CLANG_WARN__DUPLICATE_METHOD_MATCH = YES;
				COPY_PHASE_STRIP = NO;
				DEBUG_INFORMATION_FORMAT = dwarf;
				ENABLE_STRICT_OBJC_MSGSEND = YES;
				ENABLE_TESTABILITY = YES;
				GCC_C_LANGUAGE_STANDARD = gnu99;
				GCC_DYNAMIC_NO_PIC = NO;
				GCC_NO_COMMON_BLOCKS = YES;
				GCC_OPTIMIZATION_LEVEL = 0;
				GCC_PREPROCESSOR_DEFINITIONS = (
					"DEBUG=1",
					"$(inherited)",
				);
				GCC_SYMBOLS_PRIVATE_EXTERN = NO;
				GCC_WARN_64_TO_32_BIT_CONVERSION = YES;
				GCC_WARN_ABOUT_RETURN_TYPE = YES_ERROR;
				GCC_WARN_UNDECLARED_SELECTOR = YES;
				GCC_WARN_UNINITIALIZED_AUTOS = YES_AGGRESSIVE;
				GCC_WARN_UNUSED_FUNCTION = YES;
				GCC_WARN_UNUSED_VARIABLE = YES;
				MACOSX_DEPLOYMENT_TARGET = 10.11;
				MTL_ENABLE_DEBUG_INFO = YES;
				ONLY_ACTIVE_ARCH = YES;
				SDKROOT = macosx;
				SWIFT_SWIFT3_OBJC_INFERENCE = Off;
				SWIFT_VERSION = 4.2;
			};
			name = Debug;
		};
		21F222301B73B5AC00B9A11A /* Release */ = {
			isa = XCBuildConfiguration;
			buildSettings = {
				ALWAYS_SEARCH_USER_PATHS = NO;
				CLANG_CXX_LANGUAGE_STANDARD = "gnu++0x";
				CLANG_CXX_LIBRARY = "libc++";
				CLANG_ENABLE_MODULES = YES;
				CLANG_ENABLE_OBJC_ARC = YES;
				CLANG_WARN_BLOCK_CAPTURE_AUTORELEASING = YES;
				CLANG_WARN_BOOL_CONVERSION = YES;
				CLANG_WARN_COMMA = YES;
				CLANG_WARN_CONSTANT_CONVERSION = YES;
				CLANG_WARN_DEPRECATED_OBJC_IMPLEMENTATIONS = YES;
				CLANG_WARN_DIRECT_OBJC_ISA_USAGE = YES_ERROR;
				CLANG_WARN_EMPTY_BODY = YES;
				CLANG_WARN_ENUM_CONVERSION = YES;
				CLANG_WARN_INFINITE_RECURSION = YES;
				CLANG_WARN_INT_CONVERSION = YES;
				CLANG_WARN_NON_LITERAL_NULL_CONVERSION = YES;
				CLANG_WARN_OBJC_IMPLICIT_RETAIN_SELF = YES;
				CLANG_WARN_OBJC_LITERAL_CONVERSION = YES;
				CLANG_WARN_OBJC_ROOT_CLASS = YES_ERROR;
				CLANG_WARN_RANGE_LOOP_ANALYSIS = YES;
				CLANG_WARN_STRICT_PROTOTYPES = YES;
				CLANG_WARN_SUSPICIOUS_MOVE = YES;
				CLANG_WARN_UNREACHABLE_CODE = YES;
				CLANG_WARN__DUPLICATE_METHOD_MATCH = YES;
				COPY_PHASE_STRIP = NO;
				DEBUG_INFORMATION_FORMAT = "dwarf-with-dsym";
				ENABLE_NS_ASSERTIONS = NO;
				ENABLE_STRICT_OBJC_MSGSEND = YES;
				GCC_C_LANGUAGE_STANDARD = gnu99;
				GCC_NO_COMMON_BLOCKS = YES;
				GCC_WARN_64_TO_32_BIT_CONVERSION = YES;
				GCC_WARN_ABOUT_RETURN_TYPE = YES_ERROR;
				GCC_WARN_UNDECLARED_SELECTOR = YES;
				GCC_WARN_UNINITIALIZED_AUTOS = YES_AGGRESSIVE;
				GCC_WARN_UNUSED_FUNCTION = YES;
				GCC_WARN_UNUSED_VARIABLE = YES;
				MACOSX_DEPLOYMENT_TARGET = 10.11;
				MTL_ENABLE_DEBUG_INFO = NO;
				SDKROOT = macosx;
				SWIFT_COMPILATION_MODE = wholemodule;
				SWIFT_SWIFT3_OBJC_INFERENCE = Off;
				SWIFT_VERSION = 4.2;
			};
			name = Release;
		};
		21F222321B73B5AC00B9A11A /* Debug */ = {
			isa = XCBuildConfiguration;
			baseConfigurationReference = 88D71FE0C21B669417F2CBB5 /* Pods-Brooklyn.debug.xcconfig */;
			buildSettings = {
				ALWAYS_EMBED_SWIFT_STANDARD_LIBRARIES = YES;
				CLANG_ENABLE_MODULES = YES;
				CODE_SIGN_IDENTITY = "-";
				CODE_SIGN_STYLE = Automatic;
				COMBINE_HIDPI_IMAGES = YES;
				DEVELOPMENT_TEAM = 7GE4Q65N57;
				INFOPLIST_FILE = "$(SRCROOT)/Brooklyn/Info.plist";
				INSTALL_PATH = "$(HOME)/Library/Screen Savers";
				LD_RUNPATH_SEARCH_PATHS = (
					"$(inherited)",
					"@executable_path/../Frameworks",
					"@loader_path/../Frameworks",
				);
				MACOSX_DEPLOYMENT_TARGET = 10.11;
				PRODUCT_BUNDLE_IDENTIFIER = oedrommcarrasco.brooklyn;
				PRODUCT_NAME = Brooklyn;
				PROVISIONING_PROFILE_SPECIFIER = "";
				SWIFT_OPTIMIZATION_LEVEL = "-Onone";
				WRAPPER_EXTENSION = saver;
			};
			name = Debug;
		};
		21F222331B73B5AC00B9A11A /* Release */ = {
			isa = XCBuildConfiguration;
			baseConfigurationReference = C6B8BDB24F26BE9AF47697D4 /* Pods-Brooklyn.release.xcconfig */;
			buildSettings = {
				ALWAYS_EMBED_SWIFT_STANDARD_LIBRARIES = YES;
				CLANG_ENABLE_MODULES = YES;
				CODE_SIGN_IDENTITY = "-";
				CODE_SIGN_STYLE = Automatic;
				COMBINE_HIDPI_IMAGES = YES;
				DEVELOPMENT_TEAM = 7GE4Q65N57;
				INFOPLIST_FILE = "$(SRCROOT)/Brooklyn/Info.plist";
				INSTALL_PATH = "$(HOME)/Library/Screen Savers";
				LD_RUNPATH_SEARCH_PATHS = (
					"$(inherited)",
					"@executable_path/../Frameworks",
					"@loader_path/../Frameworks",
				);
				MACOSX_DEPLOYMENT_TARGET = 10.11;
				PRODUCT_BUNDLE_IDENTIFIER = oedrommcarrasco.brooklyn;
				PRODUCT_NAME = Brooklyn;
				PROVISIONING_PROFILE_SPECIFIER = "";
				WRAPPER_EXTENSION = saver;
			};
			name = Release;
		};
		53E840E1221D9A8F005FA65E /* Debug */ = {
			isa = XCBuildConfiguration;
			baseConfigurationReference = 1DC3971F1D5DA03253D1C373 /* Pods-Canvas.debug.xcconfig */;
			buildSettings = {
				ASSETCATALOG_COMPILER_APPICON_NAME = AppIcon;
				CLANG_ANALYZER_NONNULL = YES;
				CLANG_ANALYZER_NUMBER_OBJECT_CONVERSION = YES_AGGRESSIVE;
				CLANG_CXX_LANGUAGE_STANDARD = "gnu++14";
				CLANG_ENABLE_MODULES = YES;
				CLANG_ENABLE_OBJC_WEAK = YES;
				CLANG_WARN_DOCUMENTATION_COMMENTS = YES;
				CLANG_WARN_UNGUARDED_AVAILABILITY = YES_AGGRESSIVE;
				CODE_SIGN_ENTITLEMENTS = Canvas/Canvas.entitlements;
				CODE_SIGN_IDENTITY = "-";
				CODE_SIGN_STYLE = Automatic;
				COMBINE_HIDPI_IMAGES = YES;
				GCC_C_LANGUAGE_STANDARD = gnu11;
				INFOPLIST_FILE = Canvas/Info.plist;
				LD_RUNPATH_SEARCH_PATHS = (
					"$(inherited)",
					"@executable_path/../Frameworks",
				);
				MACOSX_DEPLOYMENT_TARGET = 10.11;
				MTL_ENABLE_DEBUG_INFO = INCLUDE_SOURCE;
				MTL_FAST_MATH = YES;
				PRODUCT_BUNDLE_IDENTIFIER = com.pedrommcarrasco.canvas;
				PRODUCT_NAME = "$(TARGET_NAME)";
				SWIFT_ACTIVE_COMPILATION_CONDITIONS = DEBUG;
				SWIFT_OPTIMIZATION_LEVEL = "-Onone";
				SWIFT_VERSION = 4.2;
			};
			name = Debug;
		};
		53E840E2221D9A8F005FA65E /* Release */ = {
			isa = XCBuildConfiguration;
			baseConfigurationReference = BB422449547BCE8DFA66ECE0 /* Pods-Canvas.release.xcconfig */;
			buildSettings = {
				ASSETCATALOG_COMPILER_APPICON_NAME = AppIcon;
				CLANG_ANALYZER_NONNULL = YES;
				CLANG_ANALYZER_NUMBER_OBJECT_CONVERSION = YES_AGGRESSIVE;
				CLANG_CXX_LANGUAGE_STANDARD = "gnu++14";
				CLANG_ENABLE_MODULES = YES;
				CLANG_ENABLE_OBJC_WEAK = YES;
				CLANG_WARN_DOCUMENTATION_COMMENTS = YES;
				CLANG_WARN_UNGUARDED_AVAILABILITY = YES_AGGRESSIVE;
				CODE_SIGN_ENTITLEMENTS = Canvas/Canvas.entitlements;
				CODE_SIGN_IDENTITY = "-";
				CODE_SIGN_STYLE = Automatic;
				COMBINE_HIDPI_IMAGES = YES;
				GCC_C_LANGUAGE_STANDARD = gnu11;
				INFOPLIST_FILE = Canvas/Info.plist;
				LD_RUNPATH_SEARCH_PATHS = (
					"$(inherited)",
					"@executable_path/../Frameworks",
				);
				MACOSX_DEPLOYMENT_TARGET = 10.11;
				MTL_FAST_MATH = YES;
				PRODUCT_BUNDLE_IDENTIFIER = com.pedrommcarrasco.canvas;
				PRODUCT_NAME = "$(TARGET_NAME)";
				SWIFT_OPTIMIZATION_LEVEL = "-O";
				SWIFT_VERSION = 4.2;
			};
			name = Release;
		};
/* End XCBuildConfiguration section */

/* Begin XCConfigurationList section */
		21F222201B73B5AC00B9A11A /* Build configuration list for PBXProject "Brooklyn" */ = {
			isa = XCConfigurationList;
			buildConfigurations = (
				21F2222F1B73B5AC00B9A11A /* Debug */,
				21F222301B73B5AC00B9A11A /* Release */,
			);
			defaultConfigurationIsVisible = 0;
			defaultConfigurationName = Release;
		};
		21F222311B73B5AC00B9A11A /* Build configuration list for PBXNativeTarget "Brooklyn" */ = {
			isa = XCConfigurationList;
			buildConfigurations = (
				21F222321B73B5AC00B9A11A /* Debug */,
				21F222331B73B5AC00B9A11A /* Release */,
			);
			defaultConfigurationIsVisible = 0;
			defaultConfigurationName = Release;
		};
		53E840E0221D9A8F005FA65E /* Build configuration list for PBXNativeTarget "Canvas" */ = {
			isa = XCConfigurationList;
			buildConfigurations = (
				53E840E1221D9A8F005FA65E /* Debug */,
				53E840E2221D9A8F005FA65E /* Release */,
			);
			defaultConfigurationIsVisible = 0;
			defaultConfigurationName = Release;
		};
/* End XCConfigurationList section */
	};
	rootObject = 21F2221D1B73B5AC00B9A11A /* Project object */;
}
