// !$*UTF8*$!
{
	archiveVersion = 1;
	classes = {
	};
	objectVersion = 51;
	objects = {

/* Begin PBXBuildFile section */
		203E6506218C65CD0021F2F2 /* thumbnail.png in Resources */ = {isa = PBXBuildFile; fileRef = 203E6504218C65CD0021F2F2 /* thumbnail.png */; };
		203E6507218C65CD0021F2F2 /* thumbnail@2x.png in Resources */ = {isa = PBXBuildFile; fileRef = 203E6505218C65CD0021F2F2 /* thumbnail@2x.png */; };
		20CAF50621891FCE0086AED8 /* BrooklynView.swift in Sources */ = {isa = PBXBuildFile; fileRef = 20CAF50521891FCE0086AED8 /* BrooklynView.swift */; };
		20CAF51221892E3A0086AED8 /* Bundle+PathAware.swift in Sources */ = {isa = PBXBuildFile; fileRef = 20CAF51121892E3A0086AED8 /* Bundle+PathAware.swift */; };
		20CAF51521892E800086AED8 /* Video.swift in Sources */ = {isa = PBXBuildFile; fileRef = 20CAF51421892E800086AED8 /* Video.swift */; };
		20CAF51721892E950086AED8 /* Extension.swift in Sources */ = {isa = PBXBuildFile; fileRef = 20CAF51621892E950086AED8 /* Extension.swift */; };
		20F89CBE218B92910032BDA5 /* all.mp4 in Resources */ = {isa = PBXBuildFile; fileRef = 20F89CBD218B92910032BDA5 /* all.mp4 */; };
		53794F372189BADC0033A11A /* AVPlayerItem+Init.swift in Sources */ = {isa = PBXBuildFile; fileRef = 53794F362189BADC0033A11A /* AVPlayerItem+Init.swift */; };
/* End PBXBuildFile section */

/* Begin PBXFileReference section */
		203E6504218C65CD0021F2F2 /* thumbnail.png */ = {isa = PBXFileReference; lastKnownFileType = image.png; path = thumbnail.png; sourceTree = "<group>"; };
		203E6505218C65CD0021F2F2 /* thumbnail@2x.png */ = {isa = PBXFileReference; lastKnownFileType = image.png; path = "thumbnail@2x.png"; sourceTree = "<group>"; };
		20CAF50521891FCE0086AED8 /* BrooklynView.swift */ = {isa = PBXFileReference; fileEncoding = 4; lastKnownFileType = sourcecode.swift; path = BrooklynView.swift; sourceTree = "<group>"; };
		20CAF51121892E3A0086AED8 /* Bundle+PathAware.swift */ = {isa = PBXFileReference; lastKnownFileType = sourcecode.swift; path = "Bundle+PathAware.swift"; sourceTree = "<group>"; };
		20CAF51421892E800086AED8 /* Video.swift */ = {isa = PBXFileReference; lastKnownFileType = sourcecode.swift; path = Video.swift; sourceTree = "<group>"; };
		20CAF51621892E950086AED8 /* Extension.swift */ = {isa = PBXFileReference; lastKnownFileType = sourcecode.swift; path = Extension.swift; sourceTree = "<group>"; };
		20F89CBD218B92910032BDA5 /* all.mp4 */ = {isa = PBXFileReference; lastKnownFileType = file; path = all.mp4; sourceTree = "<group>"; };
		218D6EDE20FC3CEB0029D4A9 /* Info.plist */ = {isa = PBXFileReference; fileEncoding = 4; lastKnownFileType = text.plist.xml; path = Info.plist; sourceTree = "<group>"; };
		21F222261B73B5AC00B9A11A /* Brooklyn.saver */ = {isa = PBXFileReference; explicitFileType = wrapper.cfbundle; includeInIndex = 0; path = Brooklyn.saver; sourceTree = BUILT_PRODUCTS_DIR; };
		53794F362189BADC0033A11A /* AVPlayerItem+Init.swift */ = {isa = PBXFileReference; lastKnownFileType = sourcecode.swift; path = "AVPlayerItem+Init.swift"; sourceTree = "<group>"; };
/* End PBXFileReference section */

/* Begin PBXFrameworksBuildPhase section */
		21F222221B73B5AC00B9A11A /* Frameworks */ = {
			isa = PBXFrameworksBuildPhase;
			buildActionMask = 2147483647;
			files = (
			);
			runOnlyForDeploymentPostprocessing = 0;
		};
/* End PBXFrameworksBuildPhase section */

/* Begin PBXGroup section */
		20CAF50321891F990086AED8 /* Views */ = {
			isa = PBXGroup;
			children = (
				20CAF50521891FCE0086AED8 /* BrooklynView.swift */,
			);
			path = Views;
			sourceTree = "<group>";
		};
		20CAF50421891F9E0086AED8 /* Resources */ = {
			isa = PBXGroup;
			children = (
				203E6504218C65CD0021F2F2 /* thumbnail.png */,
				203E6505218C65CD0021F2F2 /* thumbnail@2x.png */,
				20F89CBD218B92910032BDA5 /* all.mp4 */,
			);
			path = Resources;
			sourceTree = "<group>";
		};
		20CAF507218924E50086AED8 /* Extensions */ = {
			isa = PBXGroup;
			children = (
				53794F362189BADC0033A11A /* AVPlayerItem+Init.swift */,
				20CAF51121892E3A0086AED8 /* Bundle+PathAware.swift */,
			);
			path = Extensions;
			sourceTree = "<group>";
		};
		20CAF51321892E740086AED8 /* Enumerations */ = {
			isa = PBXGroup;
			children = (
				20CAF51421892E800086AED8 /* Video.swift */,
				20CAF51621892E950086AED8 /* Extension.swift */,
			);
			path = Enumerations;
			sourceTree = "<group>";
		};
		218D6EDA20FC3CEB0029D4A9 /* Brooklyn */ = {
			isa = PBXGroup;
			children = (
				20CAF51321892E740086AED8 /* Enumerations */,
				20CAF507218924E50086AED8 /* Extensions */,
				20CAF50421891F9E0086AED8 /* Resources */,
				20CAF50321891F990086AED8 /* Views */,
				218D6EDE20FC3CEB0029D4A9 /* Info.plist */,
			);
			path = Brooklyn;
			sourceTree = "<group>";
		};
		21F2221C1B73B5AC00B9A11A = {
			isa = PBXGroup;
			children = (
				218D6EDA20FC3CEB0029D4A9 /* Brooklyn */,
				21F222271B73B5AC00B9A11A /* Products */,
			);
			sourceTree = "<group>";
		};
		21F222271B73B5AC00B9A11A /* Products */ = {
			isa = PBXGroup;
			children = (
				21F222261B73B5AC00B9A11A /* Brooklyn.saver */,
			);
			name = Products;
			sourceTree = "<group>";
		};
/* End PBXGroup section */

/* Begin PBXHeadersBuildPhase section */
		21F222231B73B5AC00B9A11A /* Headers */ = {
			isa = PBXHeadersBuildPhase;
			buildActionMask = 2147483647;
			files = (
			);
			runOnlyForDeploymentPostprocessing = 0;
		};
/* End PBXHeadersBuildPhase section */

/* Begin PBXNativeTarget section */
		21F222251B73B5AC00B9A11A /* Brooklyn */ = {
			isa = PBXNativeTarget;
			buildConfigurationList = 21F222311B73B5AC00B9A11A /* Build configuration list for PBXNativeTarget "Brooklyn" */;
			buildPhases = (
				21F222211B73B5AC00B9A11A /* Sources */,
				21F222221B73B5AC00B9A11A /* Frameworks */,
				21F222231B73B5AC00B9A11A /* Headers */,
				21F222241B73B5AC00B9A11A /* Resources */,
			);
			buildRules = (
			);
			dependencies = (
			);
			name = Brooklyn;
			productName = MinimalClock;
			productReference = 21F222261B73B5AC00B9A11A /* Brooklyn.saver */;
			productType = "com.apple.product-type.bundle";
		};
/* End PBXNativeTarget section */

/* Begin PBXProject section */
		21F2221D1B73B5AC00B9A11A /* Project object */ = {
			isa = PBXProject;
			attributes = {
				LastSwiftUpdateCheck = 0700;
				LastUpgradeCheck = 1000;
				ORGANIZATIONNAME = "Pedro Carrasco";
				TargetAttributes = {
					21F222251B73B5AC00B9A11A = {
						CreatedOnToolsVersion = 6.4;
						ProvisioningStyle = Automatic;
					};
				};
			};
			buildConfigurationList = 21F222201B73B5AC00B9A11A /* Build configuration list for PBXProject "Brooklyn" */;
			compatibilityVersion = "Xcode 10.0";
			developmentRegion = English;
			hasScannedForEncodings = 0;
			knownRegions = (
				en,
				Base,
			);
			mainGroup = 21F2221C1B73B5AC00B9A11A;
			productRefGroup = 21F222271B73B5AC00B9A11A /* Products */;
			projectDirPath = "";
			projectRoot = "";
			targets = (
				21F222251B73B5AC00B9A11A /* Brooklyn */,
			);
		};
/* End PBXProject section */

/* Begin PBXResourcesBuildPhase section */
		21F222241B73B5AC00B9A11A /* Resources */ = {
			isa = PBXResourcesBuildPhase;
			buildActionMask = 2147483647;
			files = (
				203E6506218C65CD0021F2F2 /* thumbnail.png in Resources */,
				20F89CBE218B92910032BDA5 /* all.mp4 in Resources */,
				203E6507218C65CD0021F2F2 /* thumbnail@2x.png in Resources */,
			);
			runOnlyForDeploymentPostprocessing = 0;
		};
/* End PBXResourcesBuildPhase section */

/* Begin PBXSourcesBuildPhase section */
		21F222211B73B5AC00B9A11A /* Sources */ = {
			isa = PBXSourcesBuildPhase;
			buildActionMask = 2147483647;
			files = (
				20CAF51721892E950086AED8 /* Extension.swift in Sources */,
				20CAF50621891FCE0086AED8 /* BrooklynView.swift in Sources */,
				20CAF51521892E800086AED8 /* Video.swift in Sources */,
				20CAF51221892E3A0086AED8 /* Bundle+PathAware.swift in Sources */,
				53794F372189BADC0033A11A /* AVPlayerItem+Init.swift in Sources */,
			);
			runOnlyForDeploymentPostprocessing = 0;
		};
/* End PBXSourcesBuildPhase section */

/* Begin XCBuildConfiguration section */
		21F2222F1B73B5AC00B9A11A /* Debug */ = {
			isa = XCBuildConfiguration;
			buildSettings = {
				ALWAYS_SEARCH_USER_PATHS = NO;
				CLANG_CXX_LANGUAGE_STANDARD = "gnu++0x";
				CLANG_CXX_LIBRARY = "libc++";
				CLANG_ENABLE_MODULES = YES;
				CLANG_ENABLE_OBJC_ARC = YES;
				CLANG_WARN_BLOCK_CAPTURE_AUTORELEASING = YES;
				CLANG_WARN_BOOL_CONVERSION = YES;
				CLANG_WARN_COMMA = YES;
				CLANG_WARN_CONSTANT_CONVERSION = YES;
				CLANG_WARN_DEPRECATED_OBJC_IMPLEMENTATIONS = YES;
				CLANG_WARN_DIRECT_OBJC_ISA_USAGE = YES_ERROR;
				CLANG_WARN_EMPTY_BODY = YES;
				CLANG_WARN_ENUM_CONVERSION = YES;
				CLANG_WARN_INFINITE_RECURSION = YES;
				CLANG_WARN_INT_CONVERSION = YES;
				CLANG_WARN_NON_LITERAL_NULL_CONVERSION = YES;
				CLANG_WARN_OBJC_IMPLICIT_RETAIN_SELF = YES;
				CLANG_WARN_OBJC_LITERAL_CONVERSION = YES;
				CLANG_WARN_OBJC_ROOT_CLASS = YES_ERROR;
				CLANG_WARN_RANGE_LOOP_ANALYSIS = YES;
				CLANG_WARN_STRICT_PROTOTYPES = YES;
				CLANG_WARN_SUSPICIOUS_MOVE = YES;
				CLANG_WARN_UNREACHABLE_CODE = YES;
				CLANG_WARN__DUPLICATE_METHOD_MATCH = YES;
				COPY_PHASE_STRIP = NO;
				DEBUG_INFORMATION_FORMAT = dwarf;
				ENABLE_STRICT_OBJC_MSGSEND = YES;
				ENABLE_TESTABILITY = YES;
				GCC_C_LANGUAGE_STANDARD = gnu99;
				GCC_DYNAMIC_NO_PIC = NO;
				GCC_NO_COMMON_BLOCKS = YES;
				GCC_OPTIMIZATION_LEVEL = 0;
				GCC_PREPROCESSOR_DEFINITIONS = (
					"DEBUG=1",
					"$(inherited)",
				);
				GCC_SYMBOLS_PRIVATE_EXTERN = NO;
				GCC_WARN_64_TO_32_BIT_CONVERSION = YES;
				GCC_WARN_ABOUT_RETURN_TYPE = YES_ERROR;
				GCC_WARN_UNDECLARED_SELECTOR = YES;
				GCC_WARN_UNINITIALIZED_AUTOS = YES_AGGRESSIVE;
				GCC_WARN_UNUSED_FUNCTION = YES;
				GCC_WARN_UNUSED_VARIABLE = YES;
				MACOSX_DEPLOYMENT_TARGET = 10.12;
				MTL_ENABLE_DEBUG_INFO = YES;
				ONLY_ACTIVE_ARCH = YES;
				SDKROOT = macosx;
				SWIFT_SWIFT3_OBJC_INFERENCE = Off;
				SWIFT_VERSION = 4.2;
			};
			name = Debug;
		};
		21F222301B73B5AC00B9A11A /* Release */ = {
			isa = XCBuildConfiguration;
			buildSettings = {
				ALWAYS_SEARCH_USER_PATHS = NO;
				CLANG_CXX_LANGUAGE_STANDARD = "gnu++0x";
				CLANG_CXX_LIBRARY = "libc++";
				CLANG_ENABLE_MODULES = YES;
				CLANG_ENABLE_OBJC_ARC = YES;
				CLANG_WARN_BLOCK_CAPTURE_AUTORELEASING = YES;
				CLANG_WARN_BOOL_CONVERSION = YES;
				CLANG_WARN_COMMA = YES;
				CLANG_WARN_CONSTANT_CONVERSION = YES;
				CLANG_WARN_DEPRECATED_OBJC_IMPLEMENTATIONS = YES;
				CLANG_WARN_DIRECT_OBJC_ISA_USAGE = YES_ERROR;
				CLANG_WARN_EMPTY_BODY = YES;
				CLANG_WARN_ENUM_CONVERSION = YES;
				CLANG_WARN_INFINITE_RECURSION = YES;
				CLANG_WARN_INT_CONVERSION = YES;
				CLANG_WARN_NON_LITERAL_NULL_CONVERSION = YES;
				CLANG_WARN_OBJC_IMPLICIT_RETAIN_SELF = YES;
				CLANG_WARN_OBJC_LITERAL_CONVERSION = YES;
				CLANG_WARN_OBJC_ROOT_CLASS = YES_ERROR;
				CLANG_WARN_RANGE_LOOP_ANALYSIS = YES;
				CLANG_WARN_STRICT_PROTOTYPES = YES;
				CLANG_WARN_SUSPICIOUS_MOVE = YES;
				CLANG_WARN_UNREACHABLE_CODE = YES;
				CLANG_WARN__DUPLICATE_METHOD_MATCH = YES;
				COPY_PHASE_STRIP = NO;
				DEBUG_INFORMATION_FORMAT = "dwarf-with-dsym";
				ENABLE_NS_ASSERTIONS = NO;
				ENABLE_STRICT_OBJC_MSGSEND = YES;
				GCC_C_LANGUAGE_STANDARD = gnu99;
				GCC_NO_COMMON_BLOCKS = YES;
				GCC_WARN_64_TO_32_BIT_CONVERSION = YES;
				GCC_WARN_ABOUT_RETURN_TYPE = YES_ERROR;
				GCC_WARN_UNDECLARED_SELECTOR = YES;
				GCC_WARN_UNINITIALIZED_AUTOS = YES_AGGRESSIVE;
				GCC_WARN_UNUSED_FUNCTION = YES;
				GCC_WARN_UNUSED_VARIABLE = YES;
				MACOSX_DEPLOYMENT_TARGET = 10.12;
				MTL_ENABLE_DEBUG_INFO = NO;
				SDKROOT = macosx;
				SWIFT_COMPILATION_MODE = wholemodule;
				SWIFT_SWIFT3_OBJC_INFERENCE = Off;
				SWIFT_VERSION = 4.2;
			};
			name = Release;
		};
		21F222321B73B5AC00B9A11A /* Debug */ = {
			isa = XCBuildConfiguration;
			buildSettings = {
				ALWAYS_EMBED_SWIFT_STANDARD_LIBRARIES = YES;
				CLANG_ENABLE_MODULES = YES;
				CODE_SIGN_IDENTITY = "-";
				CODE_SIGN_STYLE = Automatic;
				COMBINE_HIDPI_IMAGES = YES;
				DEVELOPMENT_TEAM = "";
				INFOPLIST_FILE = "$(SRCROOT)/Brooklyn/Info.plist";
				INSTALL_PATH = "$(HOME)/Library/Screen Savers";
				LD_RUNPATH_SEARCH_PATHS = (
					"$(inherited)",
					"@executable_path/../Frameworks",
					"@loader_path/../Frameworks",
				);
				PRODUCT_BUNDLE_IDENTIFIER = oedrommcarrasco.brooklyn;
				PRODUCT_NAME = Brooklyn;
				PROVISIONING_PROFILE_SPECIFIER = "";
				SWIFT_OPTIMIZATION_LEVEL = "-Onone";
				WRAPPER_EXTENSION = saver;
			};
			name = Debug;
		};
		21F222331B73B5AC00B9A11A /* Release */ = {
			isa = XCBuildConfiguration;
			buildSettings = {
				ALWAYS_EMBED_SWIFT_STANDARD_LIBRARIES = YES;
				CLANG_ENABLE_MODULES = YES;
				CODE_SIGN_IDENTITY = "-";
				CODE_SIGN_STYLE = Automatic;
				COMBINE_HIDPI_IMAGES = YES;
				DEVELOPMENT_TEAM = "";
				INFOPLIST_FILE = "$(SRCROOT)/Brooklyn/Info.plist";
				INSTALL_PATH = "$(HOME)/Library/Screen Savers";
				LD_RUNPATH_SEARCH_PATHS = (
					"$(inherited)",
					"@executable_path/../Frameworks",
					"@loader_path/../Frameworks",
				);
				PRODUCT_BUNDLE_IDENTIFIER = oedrommcarrasco.brooklyn;
				PRODUCT_NAME = Brooklyn;
				PROVISIONING_PROFILE_SPECIFIER = "";
				WRAPPER_EXTENSION = saver;
			};
			name = Release;
		};
/* End XCBuildConfiguration section */

/* Begin XCConfigurationList section */
		21F222201B73B5AC00B9A11A /* Build configuration list for PBXProject "Brooklyn" */ = {
			isa = XCConfigurationList;
			buildConfigurations = (
				21F2222F1B73B5AC00B9A11A /* Debug */,
				21F222301B73B5AC00B9A11A /* Release */,
			);
			defaultConfigurationIsVisible = 0;
			defaultConfigurationName = Release;
		};
		21F222311B73B5AC00B9A11A /* Build configuration list for PBXNativeTarget "Brooklyn" */ = {
			isa = XCConfigurationList;
			buildConfigurations = (
				21F222321B73B5AC00B9A11A /* Debug */,
				21F222331B73B5AC00B9A11A /* Release */,
			);
			defaultConfigurationIsVisible = 0;
			defaultConfigurationName = Release;
		};
/* End XCConfigurationList section */
	};
	rootObject = 21F2221D1B73B5AC00B9A11A /* Project object */;
}
